PODS:
  - CocoaAsyncSocket (7.4.3):
    - CocoaAsyncSocket/All (= 7.4.3)
  - CocoaAsyncSocket/All (7.4.3):
    - CocoaAsyncSocket/GCD
    - CocoaAsyncSocket/RunLoop
  - CocoaAsyncSocket/GCD (7.4.3)
  - CocoaAsyncSocket/RunLoop (7.4.3)
  - DeployGateSDK (1.0.7)
  - EZAudio (1.1.5):
    - EZAudio/Full (= 1.1.5)
  - EZAudio/Core (1.1.5)
  - EZAudio/Full (1.1.5):
    - EZAudio/Core
    - TPCircularBuffer (= 1.1)
  - Google/Core (1.3.2):
    - GoogleInterchangeUtilities (~> 1.0)
    - GoogleNetworkingUtilities (~> 1.0)
    - GoogleSymbolUtilities (~> 1.0)
    - GoogleUtilities (~> 1.1)
  - Google/SignIn (1.3.2):
    - Google/Core
    - GoogleSignIn (~> 2.0)
  - GoogleAppUtilities (1.0.0):
    - GoogleSymbolUtilities (~> 1.0)
  - GoogleAuthUtilities (1.0.1):
    - GoogleNetworkingUtilities (~> 1.0)
    - GoogleSymbolUtilities (~> 1.0)
  - GoogleInterchangeUtilities (1.1.0):
    - GoogleSymbolUtilities (~> 1.0)
  - GoogleNetworkingUtilities (1.0.0):
    - GoogleSymbolUtilities (~> 1.0)
  - GoogleSignIn (2.4.0):
    - GoogleAppUtilities (~> 1.0)
    - GoogleAuthUtilities (~> 1.0)
    - GoogleNetworkingUtilities (~> 1.0)
    - GoogleUtilities (~> 1.0)
  - GoogleSymbolUtilities (1.0.3)
  - GoogleUtilities (1.1.0):
    - GoogleSymbolUtilities (~> 1.0.0)
  - ios-ntp (1.1.1):
    - CocoaAsyncSocket (~> 7.4.1)
  - macros_blocks (0.0.1)
  - MQTTKit (0.1.0-next)
  - SCNetworkReachability (2.0.5):
    - SCNetworkReachability/Core (= 2.0.5)
  - SCNetworkReachability/Core (2.0.5):
    - macros_blocks (= 0.0.1)
  - SVProgressHUD (1.1.3)
  - TPCircularBuffer (1.1)

DEPENDENCIES:
  - DeployGateSDK
  - EZAudio
  - Google/SignIn
  - ios-ntp
  - MQTTKit (from `https://github.com/mobile-web-messaging/MQTTKit.git`)
  - SCNetworkReachability
  - SVProgressHUD

EXTERNAL SOURCES:
  MQTTKit:
    :git: https://github.com/mobile-web-messaging/MQTTKit.git

CHECKOUT OPTIONS:
  MQTTKit:
    :commit: 8f0753b98a60c8e6030000d877e0ef02e22b198b
    :git: https://github.com/mobile-web-messaging/MQTTKit.git

SPEC CHECKSUMS:
  CocoaAsyncSocket: a18c75dca4b08723628a0bacca6e94803d90be91
  DeployGateSDK: df3d5838db7e35c05a711c35a3bdeef3c2b016ba
  EZAudio: 3b1cb4b6d7ebca68f0c2478576d75940aad4aa99
  Google: 97618e118111b998cce1d8dd1bd98b82301d72db
  GoogleAppUtilities: c01c6a5671e9da8b9d690fdaec5959d6c2aac699
  GoogleAuthUtilities: 049ffd3a297cdffd271451b82fd4e75304f15ef3
  GoogleInterchangeUtilities: d7f7174176fbcf9710f696f1acebad4dbd98ac03
  GoogleNetworkingUtilities: 292992ab31b7b4ba32809a0e8b40e324cdfb2c0c
  GoogleSignIn: 79929b51e6299c69f1197bbd9c7a1367d523ecd8
  GoogleSymbolUtilities: 82ad9f93d3615244b3f4ce440f5ab2515e8b4f56
  GoogleUtilities: 8ed9134debe11719097881711464752900668f10
  ios-ntp: 5f2f4fecf0432169b358eb3b564f12b94157108f
  macros_blocks: da2106a0975514e16f3669f2f50a02efaff642cf
  MQTTKit: 513ffc31464db7adeffefac986e228fdf6cd87e5
  SCNetworkReachability: 14026e754d9abb264c157131539e8e2c2131cb62
  SVProgressHUD: 748080e4f36e603f6c02aec292664239df5279c1
  TPCircularBuffer: 4960a919e667280f7f38963d771f45871b64fe62

COCOAPODS: 0.39.0
