// !$*UTF8*$!
{
	archiveVersion = 1;
	classes = {
	};
	objectVersion = 46;
	objects = {

/* Begin PBXBuildFile section */
		1607944C1C19274C0021816F /* AWAREStudy.m in Sources */ = {isa = PBXBuildFile; fileRef = 1607944B1C19274C0021816F /* AWAREStudy.m */; };
		160794511C1A4E380021816F /* AWAREMqtt.m in Sources */ = {isa = PBXBuildFile; fileRef = 160794501C1A4E380021816F /* AWAREMqtt.m */; };
		160EE9BD1C050B4C00015688 /* Bluetooth.m in Sources */ = {isa = PBXBuildFile; fileRef = 160EE9BC1C050B4C00015688 /* Bluetooth.m */; };
		160EE9BF1C050B9000015688 /* CoreBluetooth.framework in Frameworks */ = {isa = PBXBuildFile; fileRef = 160EE9BE1C050B9000015688 /* CoreBluetooth.framework */; };
		160EE9C31C052DAA00015688 /* OpenWeather.m in Sources */ = {isa = PBXBuildFile; fileRef = 160EE9C21C052DAA00015688 /* OpenWeather.m */; };
		16228A511C22E9FE0081C839 /* AWARESchedule.m in Sources */ = {isa = PBXBuildFile; fileRef = 16228A501C22E9FE0081C839 /* AWARESchedule.m */; };
		1623CE6B1BFD1B2C00EFAD72 /* main.m in Sources */ = {isa = PBXBuildFile; fileRef = 1623CE6A1BFD1B2C00EFAD72 /* main.m */; };
		1623CE6E1BFD1B2C00EFAD72 /* AppDelegate.m in Sources */ = {isa = PBXBuildFile; fileRef = 1623CE6D1BFD1B2C00EFAD72 /* AppDelegate.m */; };
		1623CE711BFD1B2C00EFAD72 /* ViewController.m in Sources */ = {isa = PBXBuildFile; fileRef = 1623CE701BFD1B2C00EFAD72 /* ViewController.m */; };
		1623CE741BFD1B2C00EFAD72 /* Main.storyboard in Resources */ = {isa = PBXBuildFile; fileRef = 1623CE721BFD1B2C00EFAD72 /* Main.storyboard */; };
		1623CE771BFD1B2C00EFAD72 /* AWARE.xcdatamodeld in Sources */ = {isa = PBXBuildFile; fileRef = 1623CE751BFD1B2C00EFAD72 /* AWARE.xcdatamodeld */; };
		1623CE791BFD1B2C00EFAD72 /* Assets.xcassets in Resources */ = {isa = PBXBuildFile; fileRef = 1623CE781BFD1B2C00EFAD72 /* Assets.xcassets */; };
		1623CE7C1BFD1B2C00EFAD72 /* LaunchScreen.storyboard in Resources */ = {isa = PBXBuildFile; fileRef = 1623CE7A1BFD1B2C00EFAD72 /* LaunchScreen.storyboard */; };
		1623CE871BFD1B2C00EFAD72 /* AWARETests.m in Sources */ = {isa = PBXBuildFile; fileRef = 1623CE861BFD1B2C00EFAD72 /* AWARETests.m */; };
		1623CE921BFD1B2C00EFAD72 /* AWAREUITests.m in Sources */ = {isa = PBXBuildFile; fileRef = 1623CE911BFD1B2C00EFAD72 /* AWAREUITests.m */; };
		1623CEAF1BFD407900EFAD72 /* QRCodeViewController.m in Sources */ = {isa = PBXBuildFile; fileRef = 1623CEAE1BFD407900EFAD72 /* QRCodeViewController.m */; };
		1623CEB11BFD40FB00EFAD72 /* AVFoundation.framework in Frameworks */ = {isa = PBXBuildFile; fileRef = 1623CEB01BFD40FB00EFAD72 /* AVFoundation.framework */; };
		1623CEB41BFD659000EFAD72 /* AWAREKeys.m in Sources */ = {isa = PBXBuildFile; fileRef = 1623CEB31BFD659000EFAD72 /* AWAREKeys.m */; };
		1623CEB71BFE175F00EFAD72 /* AWARESensor.m in Sources */ = {isa = PBXBuildFile; fileRef = 1623CEB61BFE175F00EFAD72 /* AWARESensor.m */; };
		1623CEB91BFE319100EFAD72 /* CoreMotion.framework in Frameworks */ = {isa = PBXBuildFile; fileRef = 1623CEB81BFE319100EFAD72 /* CoreMotion.framework */; };
		1623CEBC1BFE390600EFAD72 /* Accelerometer.m in Sources */ = {isa = PBXBuildFile; fileRef = 1623CEBB1BFE390600EFAD72 /* Accelerometer.m */; };
		162B7DDC1C4EF792006972B5 /* CoreTelephony.framework in Frameworks */ = {isa = PBXBuildFile; fileRef = 162B7DDB1C4EF792006972B5 /* CoreTelephony.framework */; };
		162B7DDF1C4EFA46006972B5 /* Calls.m in Sources */ = {isa = PBXBuildFile; fileRef = 162B7DDE1C4EFA46006972B5 /* Calls.m */; };
		1643959F1C22EEC40039E113 /* Scheduler.m in Sources */ = {isa = PBXBuildFile; fileRef = 1643959E1C22EEC40039E113 /* Scheduler.m */; };
		164810401C20ECC300B830D9 /* AWAREEsmViewController.m in Sources */ = {isa = PBXBuildFile; fileRef = 1648103F1C20ECC300B830D9 /* AWAREEsmViewController.m */; };
		164810851C21C08C00B830D9 /* ESM.m in Sources */ = {isa = PBXBuildFile; fileRef = 164810841C21C08C00B830D9 /* ESM.m */; };
		164DD65C1C1F762000ADA92B /* Screen.m in Sources */ = {isa = PBXBuildFile; fileRef = 164DD65B1C1F762000ADA92B /* Screen.m */; };
		164DD65F1C1F9F1900ADA92B /* DeviceUsage.m in Sources */ = {isa = PBXBuildFile; fileRef = 164DD65E1C1F9F1900ADA92B /* DeviceUsage.m */; };
		164DD6621C1FA72D00ADA92B /* NTPTime.m in Sources */ = {isa = PBXBuildFile; fileRef = 164DD6611C1FA72D00ADA92B /* NTPTime.m */; };
		164DD6651C1FB1A400ADA92B /* Proximity.m in Sources */ = {isa = PBXBuildFile; fileRef = 164DD6641C1FB1A400ADA92B /* Proximity.m */; };
		164DD6681C1FBA9100ADA92B /* Timezone.m in Sources */ = {isa = PBXBuildFile; fileRef = 164DD6671C1FBA9100ADA92B /* Timezone.m */; };
		164DD66A1C1FC1F900ADA92B /* MapKit.framework in Frameworks */ = {isa = PBXBuildFile; fileRef = 164DD6691C1FC1F900ADA92B /* MapKit.framework */; };
		165A8B6F1C03B90500898C6C /* GoogleService-Info.plist in Resources */ = {isa = PBXBuildFile; fileRef = 165A8B6E1C03B90500898C6C /* GoogleService-Info.plist */; };
		165A8B701C03B90500898C6C /* GoogleService-Info.plist in Resources */ = {isa = PBXBuildFile; fileRef = 165A8B6E1C03B90500898C6C /* GoogleService-Info.plist */; };
		165A8B711C03B90500898C6C /* GoogleService-Info.plist in Resources */ = {isa = PBXBuildFile; fileRef = 165A8B6E1C03B90500898C6C /* GoogleService-Info.plist */; };
		165A8B741C03C0B300898C6C /* GoogleLoginViewController.m in Sources */ = {isa = PBXBuildFile; fileRef = 165A8B731C03C0B300898C6C /* GoogleLoginViewController.m */; };
		165B6E0D1C4018EC00417432 /* libGoogle-API-Client.a in Frameworks */ = {isa = PBXBuildFile; fileRef = 165B6E0C1C4018EC00417432 /* libGoogle-API-Client.a */; };
		1663BB801C2C94C3003F03DF /* ESMStorageHelper.m in Sources */ = {isa = PBXBuildFile; fileRef = 1663BB7F1C2C94C3003F03DF /* ESMStorageHelper.m */; };
		1671A5D81C3B583C00C41F44 /* GoogleCalPush.m in Sources */ = {isa = PBXBuildFile; fileRef = 1671A5D71C3B583C00C41F44 /* GoogleCalPush.m */; };
		1677AF2E1C2B109A00F7C482 /* SingleESMObject.m in Sources */ = {isa = PBXBuildFile; fileRef = 1677AF2D1C2B109A00F7C482 /* SingleESMObject.m */; };
		1677AF321C2B4BDE00F7C482 /* MultiESMObject.m in Sources */ = {isa = PBXBuildFile; fileRef = 1677AF311C2B4BDE00F7C482 /* MultiESMObject.m */; };
		168683031C07C43600CB4266 /* AudioToolbox.framework in Frameworks */ = {isa = PBXBuildFile; fileRef = 168683021C07C43600CB4266 /* AudioToolbox.framework */; };
		168683061C07C48900CB4266 /* AmbientNoise.m in Sources */ = {isa = PBXBuildFile; fileRef = 168683051C07C48900CB4266 /* AmbientNoise.m */; };
		168683091C08050100CB4266 /* ActivityRecognition.m in Sources */ = {isa = PBXBuildFile; fileRef = 168683081C08050100CB4266 /* ActivityRecognition.m */; };
		169384F01C17C39300A17F2C /* MicrosoftBandKit_iOS.framework in Frameworks */ = {isa = PBXBuildFile; fileRef = 169384EF1C17C39300A17F2C /* MicrosoftBandKit_iOS.framework */; };
		169384F31C17C3D300A17F2C /* MSBand.m in Sources */ = {isa = PBXBuildFile; fileRef = 169384F21C17C3D300A17F2C /* MSBand.m */; };
		169384F51C18DD3D00A17F2C /* awareframework.der in Resources */ = {isa = PBXBuildFile; fileRef = 169384F41C18DD3D00A17F2C /* awareframework.der */; };
		169A7B241BFF16E700A7C06D /* Gyroscope.m in Sources */ = {isa = PBXBuildFile; fileRef = 169A7B231BFF16E700A7C06D /* Gyroscope.m */; };
		169A7B271BFF193C00A7C06D /* Magnetometer.m in Sources */ = {isa = PBXBuildFile; fileRef = 169A7B261BFF193C00A7C06D /* Magnetometer.m */; };
		169A7B2A1BFF1C2300A7C06D /* Battery.m in Sources */ = {isa = PBXBuildFile; fileRef = 169A7B291BFF1C2300A7C06D /* Battery.m */; };
		169A7B2D1BFF219500A7C06D /* Barometer.m in Sources */ = {isa = PBXBuildFile; fileRef = 169A7B2C1BFF219500A7C06D /* Barometer.m */; };
		169A7B301BFF280C00A7C06D /* Locations.m in Sources */ = {isa = PBXBuildFile; fileRef = 169A7B2F1BFF280C00A7C06D /* Locations.m */; };
		169A7B321BFF282800A7C06D /* CoreLocation.framework in Frameworks */ = {isa = PBXBuildFile; fileRef = 169A7B311BFF282800A7C06D /* CoreLocation.framework */; };
		169A7B351BFFB67800A7C06D /* Network.m in Sources */ = {isa = PBXBuildFile; fileRef = 169A7B341BFFB67800A7C06D /* Network.m */; };
		169A7B3B1BFFC8B100A7C06D /* Wifi.m in Sources */ = {isa = PBXBuildFile; fileRef = 169A7B3A1BFFC8B100A7C06D /* Wifi.m */; };
		169A7B3D1BFFC9F900A7C06D /* SystemConfiguration.framework in Frameworks */ = {isa = PBXBuildFile; fileRef = 169A7B3C1BFFC9F900A7C06D /* SystemConfiguration.framework */; };
		169A7B401BFFD55A00A7C06D /* Processor.m in Sources */ = {isa = PBXBuildFile; fileRef = 169A7B3F1BFFD55A00A7C06D /* Processor.m */; };
		169A7B431BFFDE8F00A7C06D /* Rotation.m in Sources */ = {isa = PBXBuildFile; fileRef = 169A7B421BFFDE8F00A7C06D /* Rotation.m */; };
		169A7B461C0052F800A7C06D /* Gravity.m in Sources */ = {isa = PBXBuildFile; fileRef = 169A7B451C0052F800A7C06D /* Gravity.m */; };
		169A7B491C00591A00A7C06D /* LinearAccelerometer.m in Sources */ = {isa = PBXBuildFile; fileRef = 169A7B481C00591A00A7C06D /* LinearAccelerometer.m */; };
		16D810241C06242500605DE2 /* CFNetwork.framework in Frameworks */ = {isa = PBXBuildFile; fileRef = 16D810231C06242500605DE2 /* CFNetwork.framework */; };
		16D810261C06242F00605DE2 /* Security.framework in Frameworks */ = {isa = PBXBuildFile; fileRef = 16D810251C06242F00605DE2 /* Security.framework */; };
		16D8102D1C06671500605DE2 /* ExternalAccessory.framework in Frameworks */ = {isa = PBXBuildFile; fileRef = 16D8102C1C06671500605DE2 /* ExternalAccessory.framework */; };
		16DEA2371C54557B00B607C9 /* AWAREUtils.m in Sources */ = {isa = PBXBuildFile; fileRef = 16DEA2361C54557B00B607C9 /* AWAREUtils.m */; };
		16DEA23A1C5535B300B607C9 /* AWAREEsmUtils.m in Sources */ = {isa = PBXBuildFile; fileRef = 16DEA2391C5535B300B607C9 /* AWAREEsmUtils.m */; };
		16E155331C252B4D00316321 /* AWAREPlugin.m in Sources */ = {isa = PBXBuildFile; fileRef = 16E155321C252B4D00316321 /* AWAREPlugin.m */; };
		16E155391C27C2AC00316321 /* EventKit.framework in Frameworks */ = {isa = PBXBuildFile; fileRef = 16E155371C27C2AC00316321 /* EventKit.framework */; };
		16E1553A1C27C2AC00316321 /* EventKitUI.framework in Frameworks */ = {isa = PBXBuildFile; fileRef = 16E155381C27C2AC00316321 /* EventKitUI.framework */; };
		16E47ECA1C4D8BF5005B7932 /* FusedLocations.m in Sources */ = {isa = PBXBuildFile; fileRef = 16E47EC91C4D8BF5005B7932 /* FusedLocations.m */; };
		16E7AF841C3D54D4005C9EDC /* SSLManager.m in Sources */ = {isa = PBXBuildFile; fileRef = 16E7AF831C3D54D4005C9EDC /* SSLManager.m */; };
		16E7AF901C3DB8E5005C9EDC /* GoogleLogin.m in Sources */ = {isa = PBXBuildFile; fileRef = 16E7AF8F1C3DB8E5005C9EDC /* GoogleLogin.m */; };
		16E7AF941C3DF7A0005C9EDC /* LocationModel.xcdatamodeld in Sources */ = {isa = PBXBuildFile; fileRef = 16E7AF921C3DF7A0005C9EDC /* LocationModel.xcdatamodeld */; };
		16E7AF961C3DF8A9005C9EDC /* CoreData.framework in Frameworks */ = {isa = PBXBuildFile; fileRef = 16E7AF951C3DF8A9005C9EDC /* CoreData.framework */; };
		16EB1E5A1C4A930500966A07 /* LocalFileStorageHelper.m in Sources */ = {isa = PBXBuildFile; fileRef = 16EB1E591C4A930500966A07 /* LocalFileStorageHelper.m */; };
		16EB1E5D1C4AC12500966A07 /* CalEvent.m in Sources */ = {isa = PBXBuildFile; fileRef = 16EB1E5C1C4AC12500966A07 /* CalEvent.m */; };
		16F09B221C249C5F005C1EB8 /* GoogleCalPull.m in Sources */ = {isa = PBXBuildFile; fileRef = 16F09B211C249C5F005C1EB8 /* GoogleCalPull.m */; };
		16F09B271C24A584005C1EB8 /* libgtm-http-fetcher.a in Frameworks */ = {isa = PBXBuildFile; fileRef = 16F09B241C24A584005C1EB8 /* libgtm-http-fetcher.a */; };
		16F09B281C24A584005C1EB8 /* libgtm-oauth2.a in Frameworks */ = {isa = PBXBuildFile; fileRef = 16F09B251C24A584005C1EB8 /* libgtm-oauth2.a */; };
		16F213A01C589BC2007E89CA /* KeyboardViewController.m in Sources */ = {isa = PBXBuildFile; fileRef = 16F2139F1C589BC2007E89CA /* KeyboardViewController.m */; };
		16F213A41C589BC2007E89CA /* AWAREKeyboard.appex in Embed App Extensions */ = {isa = PBXBuildFile; fileRef = 16F2139C1C589BC2007E89CA /* AWAREKeyboard.appex */; settings = {ATTRIBUTES = (RemoveHeadersOnCopy, ); }; };
		16F213AE1C594292007E89CA /* ApplicationHistory.m in Sources */ = {isa = PBXBuildFile; fileRef = 16F213AD1C594292007E89CA /* ApplicationHistory.m */; };
		16FCE2771BFE9326005FC71A /* AWARESensorManager.m in Sources */ = {isa = PBXBuildFile; fileRef = 16FCE2761BFE9326005FC71A /* AWARESensorManager.m */; };
		FC2AF85D761397B784DECBD3 /* libPods-AWARE.a in Frameworks */ = {isa = PBXBuildFile; fileRef = 9ED04F29ED60F3FCC960F6CD /* libPods-AWARE.a */; };
/* End PBXBuildFile section */

/* Begin PBXContainerItemProxy section */
		1623CE831BFD1B2C00EFAD72 /* PBXContainerItemProxy */ = {
			isa = PBXContainerItemProxy;
			containerPortal = 1623CE5E1BFD1B2C00EFAD72 /* Project object */;
			proxyType = 1;
			remoteGlobalIDString = 1623CE651BFD1B2C00EFAD72;
			remoteInfo = AWARE;
		};
		1623CE8E1BFD1B2C00EFAD72 /* PBXContainerItemProxy */ = {
			isa = PBXContainerItemProxy;
			containerPortal = 1623CE5E1BFD1B2C00EFAD72 /* Project object */;
			proxyType = 1;
			remoteGlobalIDString = 1623CE651BFD1B2C00EFAD72;
			remoteInfo = AWARE;
		};
		16F213A21C589BC2007E89CA /* PBXContainerItemProxy */ = {
			isa = PBXContainerItemProxy;
			containerPortal = 1623CE5E1BFD1B2C00EFAD72 /* Project object */;
			proxyType = 1;
			remoteGlobalIDString = 16F2139B1C589BC2007E89CA;
			remoteInfo = AWAREKeyboard;
		};
/* End PBXContainerItemProxy section */

/* Begin PBXCopyFilesBuildPhase section */
		16228A4B1C22DAE20081C839 /* Embed App Extensions */ = {
			isa = PBXCopyFilesBuildPhase;
			buildActionMask = 2147483647;
			dstPath = "";
			dstSubfolderSpec = 13;
			files = (
				16F213A41C589BC2007E89CA /* AWAREKeyboard.appex in Embed App Extensions */,
			);
			name = "Embed App Extensions";
			runOnlyForDeploymentPostprocessing = 0;
		};
/* End PBXCopyFilesBuildPhase section */

/* Begin PBXFileReference section */
		1607944A1C19274C0021816F /* AWAREStudy.h */ = {isa = PBXFileReference; fileEncoding = 4; lastKnownFileType = sourcecode.c.h; path = AWAREStudy.h; sourceTree = "<group>"; };
		1607944B1C19274C0021816F /* AWAREStudy.m */ = {isa = PBXFileReference; fileEncoding = 4; lastKnownFileType = sourcecode.c.objc; path = AWAREStudy.m; sourceTree = "<group>"; };
		1607944D1C1A240F0021816F /* AudioUnit.framework */ = {isa = PBXFileReference; lastKnownFileType = wrapper.framework; name = AudioUnit.framework; path = System/Library/Frameworks/AudioUnit.framework; sourceTree = SDKROOT; };
		1607944F1C1A4E380021816F /* AWAREMqtt.h */ = {isa = PBXFileReference; fileEncoding = 4; lastKnownFileType = sourcecode.c.h; path = AWAREMqtt.h; sourceTree = "<group>"; };
		160794501C1A4E380021816F /* AWAREMqtt.m */ = {isa = PBXFileReference; fileEncoding = 4; lastKnownFileType = sourcecode.c.objc; path = AWAREMqtt.m; sourceTree = "<group>"; };
		160EE9BB1C050B4C00015688 /* Bluetooth.h */ = {isa = PBXFileReference; fileEncoding = 4; lastKnownFileType = sourcecode.c.h; path = Bluetooth.h; sourceTree = "<group>"; };
		160EE9BC1C050B4C00015688 /* Bluetooth.m */ = {isa = PBXFileReference; fileEncoding = 4; lastKnownFileType = sourcecode.c.objc; path = Bluetooth.m; sourceTree = "<group>"; };
		160EE9BE1C050B9000015688 /* CoreBluetooth.framework */ = {isa = PBXFileReference; lastKnownFileType = wrapper.framework; name = CoreBluetooth.framework; path = System/Library/Frameworks/CoreBluetooth.framework; sourceTree = SDKROOT; };
		160EE9C11C052DAA00015688 /* OpenWeather.h */ = {isa = PBXFileReference; fileEncoding = 4; lastKnownFileType = sourcecode.c.h; path = OpenWeather.h; sourceTree = "<group>"; };
		160EE9C21C052DAA00015688 /* OpenWeather.m */ = {isa = PBXFileReference; fileEncoding = 4; lastKnownFileType = sourcecode.c.objc; path = OpenWeather.m; sourceTree = "<group>"; };
		16228A3B1C22DAE20081C839 /* NotificationCenter.framework */ = {isa = PBXFileReference; lastKnownFileType = wrapper.framework; name = NotificationCenter.framework; path = System/Library/Frameworks/NotificationCenter.framework; sourceTree = SDKROOT; };
		16228A3E1C22DAE20081C839 /* TodayViewController.h */ = {isa = PBXFileReference; lastKnownFileType = sourcecode.c.h; path = TodayViewController.h; sourceTree = "<group>"; };
		16228A3F1C22DAE20081C839 /* TodayViewController.m */ = {isa = PBXFileReference; lastKnownFileType = sourcecode.c.objc; path = TodayViewController.m; sourceTree = "<group>"; };
		16228A421C22DAE20081C839 /* Base */ = {isa = PBXFileReference; lastKnownFileType = file.storyboard; name = Base; path = Base.lproj/MainInterface.storyboard; sourceTree = "<group>"; };
		16228A441C22DAE20081C839 /* Info.plist */ = {isa = PBXFileReference; lastKnownFileType = text.plist.xml; path = Info.plist; sourceTree = "<group>"; };
		16228A4F1C22E9FE0081C839 /* AWARESchedule.h */ = {isa = PBXFileReference; fileEncoding = 4; lastKnownFileType = sourcecode.c.h; path = AWARESchedule.h; sourceTree = "<group>"; };
		16228A501C22E9FE0081C839 /* AWARESchedule.m */ = {isa = PBXFileReference; fileEncoding = 4; lastKnownFileType = sourcecode.c.objc; path = AWARESchedule.m; sourceTree = "<group>"; };
		1623CE661BFD1B2C00EFAD72 /* AWARE.app */ = {isa = PBXFileReference; explicitFileType = wrapper.application; includeInIndex = 0; path = AWARE.app; sourceTree = BUILT_PRODUCTS_DIR; };
		1623CE6A1BFD1B2C00EFAD72 /* main.m */ = {isa = PBXFileReference; lastKnownFileType = sourcecode.c.objc; path = main.m; sourceTree = "<group>"; };
		1623CE6C1BFD1B2C00EFAD72 /* AppDelegate.h */ = {isa = PBXFileReference; lastKnownFileType = sourcecode.c.h; path = AppDelegate.h; sourceTree = "<group>"; };
		1623CE6D1BFD1B2C00EFAD72 /* AppDelegate.m */ = {isa = PBXFileReference; lastKnownFileType = sourcecode.c.objc; path = AppDelegate.m; sourceTree = "<group>"; };
		1623CE6F1BFD1B2C00EFAD72 /* ViewController.h */ = {isa = PBXFileReference; lastKnownFileType = sourcecode.c.h; path = ViewController.h; sourceTree = "<group>"; };
		1623CE701BFD1B2C00EFAD72 /* ViewController.m */ = {isa = PBXFileReference; lastKnownFileType = sourcecode.c.objc; path = ViewController.m; sourceTree = "<group>"; };
		1623CE731BFD1B2C00EFAD72 /* Base */ = {isa = PBXFileReference; lastKnownFileType = file.storyboard; name = Base; path = Base.lproj/Main.storyboard; sourceTree = "<group>"; };
		1623CE761BFD1B2C00EFAD72 /* AWARE.xcdatamodel */ = {isa = PBXFileReference; lastKnownFileType = wrapper.xcdatamodel; path = AWARE.xcdatamodel; sourceTree = "<group>"; };
		1623CE781BFD1B2C00EFAD72 /* Assets.xcassets */ = {isa = PBXFileReference; lastKnownFileType = folder.assetcatalog; path = Assets.xcassets; sourceTree = "<group>"; };
		1623CE7B1BFD1B2C00EFAD72 /* Base */ = {isa = PBXFileReference; lastKnownFileType = file.storyboard; name = Base; path = Base.lproj/LaunchScreen.storyboard; sourceTree = "<group>"; };
		1623CE7D1BFD1B2C00EFAD72 /* Info.plist */ = {isa = PBXFileReference; lastKnownFileType = text.plist.xml; path = Info.plist; sourceTree = "<group>"; };
		1623CE821BFD1B2C00EFAD72 /* AWARETests.xctest */ = {isa = PBXFileReference; explicitFileType = wrapper.cfbundle; includeInIndex = 0; path = AWARETests.xctest; sourceTree = BUILT_PRODUCTS_DIR; };
		1623CE861BFD1B2C00EFAD72 /* AWARETests.m */ = {isa = PBXFileReference; lastKnownFileType = sourcecode.c.objc; path = AWARETests.m; sourceTree = "<group>"; };
		1623CE881BFD1B2C00EFAD72 /* Info.plist */ = {isa = PBXFileReference; lastKnownFileType = text.plist.xml; path = Info.plist; sourceTree = "<group>"; };
		1623CE8D1BFD1B2C00EFAD72 /* AWAREUITests.xctest */ = {isa = PBXFileReference; explicitFileType = wrapper.cfbundle; includeInIndex = 0; path = AWAREUITests.xctest; sourceTree = BUILT_PRODUCTS_DIR; };
		1623CE911BFD1B2C00EFAD72 /* AWAREUITests.m */ = {isa = PBXFileReference; lastKnownFileType = sourcecode.c.objc; path = AWAREUITests.m; sourceTree = "<group>"; };
		1623CE931BFD1B2C00EFAD72 /* Info.plist */ = {isa = PBXFileReference; lastKnownFileType = text.plist.xml; path = Info.plist; sourceTree = "<group>"; };
		1623CEA11BFD253A00EFAD72 /* AWARE.entitlements */ = {isa = PBXFileReference; lastKnownFileType = text.xml; path = AWARE.entitlements; sourceTree = "<group>"; };
		1623CEAD1BFD407900EFAD72 /* QRCodeViewController.h */ = {isa = PBXFileReference; fileEncoding = 4; lastKnownFileType = sourcecode.c.h; path = QRCodeViewController.h; sourceTree = "<group>"; };
		1623CEAE1BFD407900EFAD72 /* QRCodeViewController.m */ = {isa = PBXFileReference; fileEncoding = 4; lastKnownFileType = sourcecode.c.objc; path = QRCodeViewController.m; sourceTree = "<group>"; };
		1623CEB01BFD40FB00EFAD72 /* AVFoundation.framework */ = {isa = PBXFileReference; lastKnownFileType = wrapper.framework; name = AVFoundation.framework; path = System/Library/Frameworks/AVFoundation.framework; sourceTree = SDKROOT; };
		1623CEB21BFD659000EFAD72 /* AWAREKeys.h */ = {isa = PBXFileReference; fileEncoding = 4; lastKnownFileType = sourcecode.c.h; path = AWAREKeys.h; sourceTree = "<group>"; };
		1623CEB31BFD659000EFAD72 /* AWAREKeys.m */ = {isa = PBXFileReference; fileEncoding = 4; lastKnownFileType = sourcecode.c.objc; path = AWAREKeys.m; sourceTree = "<group>"; };
		1623CEB51BFE175F00EFAD72 /* AWARESensor.h */ = {isa = PBXFileReference; fileEncoding = 4; lastKnownFileType = sourcecode.c.h; path = AWARESensor.h; sourceTree = "<group>"; };
		1623CEB61BFE175F00EFAD72 /* AWARESensor.m */ = {isa = PBXFileReference; fileEncoding = 4; lastKnownFileType = sourcecode.c.objc; path = AWARESensor.m; sourceTree = "<group>"; };
		1623CEB81BFE319100EFAD72 /* CoreMotion.framework */ = {isa = PBXFileReference; lastKnownFileType = wrapper.framework; name = CoreMotion.framework; path = System/Library/Frameworks/CoreMotion.framework; sourceTree = SDKROOT; };
		1623CEBA1BFE390600EFAD72 /* Accelerometer.h */ = {isa = PBXFileReference; fileEncoding = 4; lastKnownFileType = sourcecode.c.h; path = Accelerometer.h; sourceTree = "<group>"; };
		1623CEBB1BFE390600EFAD72 /* Accelerometer.m */ = {isa = PBXFileReference; fileEncoding = 4; lastKnownFileType = sourcecode.c.objc; path = Accelerometer.m; sourceTree = "<group>"; };
		1623FFDC1C5ADB6E00F3E3E4 /* libSystem.tbd */ = {isa = PBXFileReference; lastKnownFileType = "sourcecode.text-based-dylib-definition"; name = libSystem.tbd; path = usr/lib/libSystem.tbd; sourceTree = SDKROOT; };
		162B7DDB1C4EF792006972B5 /* CoreTelephony.framework */ = {isa = PBXFileReference; lastKnownFileType = wrapper.framework; name = CoreTelephony.framework; path = System/Library/Frameworks/CoreTelephony.framework; sourceTree = SDKROOT; };
		162B7DDD1C4EFA46006972B5 /* Calls.h */ = {isa = PBXFileReference; fileEncoding = 4; lastKnownFileType = sourcecode.c.h; path = Calls.h; sourceTree = "<group>"; };
		162B7DDE1C4EFA46006972B5 /* Calls.m */ = {isa = PBXFileReference; fileEncoding = 4; lastKnownFileType = sourcecode.c.objc; path = Calls.m; sourceTree = "<group>"; };
		1643959D1C22EEC40039E113 /* Scheduler.h */ = {isa = PBXFileReference; fileEncoding = 4; lastKnownFileType = sourcecode.c.h; path = Scheduler.h; sourceTree = "<group>"; };
		1643959E1C22EEC40039E113 /* Scheduler.m */ = {isa = PBXFileReference; fileEncoding = 4; lastKnownFileType = sourcecode.c.objc; path = Scheduler.m; sourceTree = "<group>"; };
		1648103E1C20ECC300B830D9 /* AWAREEsmViewController.h */ = {isa = PBXFileReference; fileEncoding = 4; lastKnownFileType = sourcecode.c.h; path = AWAREEsmViewController.h; sourceTree = "<group>"; };
		1648103F1C20ECC300B830D9 /* AWAREEsmViewController.m */ = {isa = PBXFileReference; fileEncoding = 4; lastKnownFileType = sourcecode.c.objc; path = AWAREEsmViewController.m; sourceTree = "<group>"; };
		164810831C21C08C00B830D9 /* ESM.h */ = {isa = PBXFileReference; fileEncoding = 4; lastKnownFileType = sourcecode.c.h; path = ESM.h; sourceTree = "<group>"; };
		164810841C21C08C00B830D9 /* ESM.m */ = {isa = PBXFileReference; fileEncoding = 4; lastKnownFileType = sourcecode.c.objc; path = ESM.m; sourceTree = "<group>"; };
		164DD65A1C1F762000ADA92B /* Screen.h */ = {isa = PBXFileReference; fileEncoding = 4; lastKnownFileType = sourcecode.c.h; path = Screen.h; sourceTree = "<group>"; };
		164DD65B1C1F762000ADA92B /* Screen.m */ = {isa = PBXFileReference; fileEncoding = 4; lastKnownFileType = sourcecode.c.objc; path = Screen.m; sourceTree = "<group>"; };
		164DD65D1C1F9F1900ADA92B /* DeviceUsage.h */ = {isa = PBXFileReference; fileEncoding = 4; lastKnownFileType = sourcecode.c.h; path = DeviceUsage.h; sourceTree = "<group>"; };
		164DD65E1C1F9F1900ADA92B /* DeviceUsage.m */ = {isa = PBXFileReference; fileEncoding = 4; lastKnownFileType = sourcecode.c.objc; path = DeviceUsage.m; sourceTree = "<group>"; };
		164DD6601C1FA72D00ADA92B /* NTPTime.h */ = {isa = PBXFileReference; fileEncoding = 4; lastKnownFileType = sourcecode.c.h; path = NTPTime.h; sourceTree = "<group>"; };
		164DD6611C1FA72D00ADA92B /* NTPTime.m */ = {isa = PBXFileReference; fileEncoding = 4; lastKnownFileType = sourcecode.c.objc; path = NTPTime.m; sourceTree = "<group>"; };
		164DD6631C1FB1A400ADA92B /* Proximity.h */ = {isa = PBXFileReference; fileEncoding = 4; lastKnownFileType = sourcecode.c.h; path = Proximity.h; sourceTree = "<group>"; };
		164DD6641C1FB1A400ADA92B /* Proximity.m */ = {isa = PBXFileReference; fileEncoding = 4; lastKnownFileType = sourcecode.c.objc; path = Proximity.m; sourceTree = "<group>"; };
		164DD6661C1FBA9100ADA92B /* Timezone.h */ = {isa = PBXFileReference; fileEncoding = 4; lastKnownFileType = sourcecode.c.h; path = Timezone.h; sourceTree = "<group>"; };
		164DD6671C1FBA9100ADA92B /* Timezone.m */ = {isa = PBXFileReference; fileEncoding = 4; lastKnownFileType = sourcecode.c.objc; path = Timezone.m; sourceTree = "<group>"; };
		164DD6691C1FC1F900ADA92B /* MapKit.framework */ = {isa = PBXFileReference; lastKnownFileType = wrapper.framework; name = MapKit.framework; path = System/Library/Frameworks/MapKit.framework; sourceTree = SDKROOT; };
		165A8B6E1C03B90500898C6C /* GoogleService-Info.plist */ = {isa = PBXFileReference; fileEncoding = 4; lastKnownFileType = text.plist.xml; path = "GoogleService-Info.plist"; sourceTree = SOURCE_ROOT; };
		165A8B721C03C0B300898C6C /* GoogleLoginViewController.h */ = {isa = PBXFileReference; fileEncoding = 4; lastKnownFileType = sourcecode.c.h; path = GoogleLoginViewController.h; sourceTree = "<group>"; };
		165A8B731C03C0B300898C6C /* GoogleLoginViewController.m */ = {isa = PBXFileReference; fileEncoding = 4; lastKnownFileType = sourcecode.c.objc; path = GoogleLoginViewController.m; sourceTree = "<group>"; };
		165B6E0C1C4018EC00417432 /* libGoogle-API-Client.a */ = {isa = PBXFileReference; lastKnownFileType = archive.ar; name = "libGoogle-API-Client.a"; path = "Pods/../build/Debug-iphoneos/libGoogle-API-Client.a"; sourceTree = "<group>"; };
		1663BB7E1C2C94C3003F03DF /* ESMStorageHelper.h */ = {isa = PBXFileReference; fileEncoding = 4; lastKnownFileType = sourcecode.c.h; path = ESMStorageHelper.h; sourceTree = "<group>"; };
		1663BB7F1C2C94C3003F03DF /* ESMStorageHelper.m */ = {isa = PBXFileReference; fileEncoding = 4; lastKnownFileType = sourcecode.c.objc; path = ESMStorageHelper.m; sourceTree = "<group>"; };
		1671A5D61C3B583C00C41F44 /* GoogleCalPush.h */ = {isa = PBXFileReference; fileEncoding = 4; lastKnownFileType = sourcecode.c.h; path = GoogleCalPush.h; sourceTree = "<group>"; };
		1671A5D71C3B583C00C41F44 /* GoogleCalPush.m */ = {isa = PBXFileReference; fileEncoding = 4; lastKnownFileType = sourcecode.c.objc; path = GoogleCalPush.m; sourceTree = "<group>"; };
		1677AF2C1C2B109A00F7C482 /* SingleESMObject.h */ = {isa = PBXFileReference; fileEncoding = 4; lastKnownFileType = sourcecode.c.h; path = SingleESMObject.h; sourceTree = "<group>"; };
		1677AF2D1C2B109A00F7C482 /* SingleESMObject.m */ = {isa = PBXFileReference; fileEncoding = 4; lastKnownFileType = sourcecode.c.objc; path = SingleESMObject.m; sourceTree = "<group>"; };
		1677AF301C2B4BDE00F7C482 /* MultiESMObject.h */ = {isa = PBXFileReference; fileEncoding = 4; lastKnownFileType = sourcecode.c.h; path = MultiESMObject.h; sourceTree = "<group>"; };
		1677AF311C2B4BDE00F7C482 /* MultiESMObject.m */ = {isa = PBXFileReference; fileEncoding = 4; lastKnownFileType = sourcecode.c.objc; path = MultiESMObject.m; sourceTree = "<group>"; };
		168683021C07C43600CB4266 /* AudioToolbox.framework */ = {isa = PBXFileReference; lastKnownFileType = wrapper.framework; name = AudioToolbox.framework; path = System/Library/Frameworks/AudioToolbox.framework; sourceTree = SDKROOT; };
		168683041C07C48900CB4266 /* AmbientNoise.h */ = {isa = PBXFileReference; fileEncoding = 4; lastKnownFileType = sourcecode.c.h; path = AmbientNoise.h; sourceTree = "<group>"; };
		168683051C07C48900CB4266 /* AmbientNoise.m */ = {isa = PBXFileReference; fileEncoding = 4; lastKnownFileType = sourcecode.c.objc; path = AmbientNoise.m; sourceTree = "<group>"; };
		168683071C08050100CB4266 /* ActivityRecognition.h */ = {isa = PBXFileReference; fileEncoding = 4; lastKnownFileType = sourcecode.c.h; path = ActivityRecognition.h; sourceTree = "<group>"; };
		168683081C08050100CB4266 /* ActivityRecognition.m */ = {isa = PBXFileReference; fileEncoding = 4; lastKnownFileType = sourcecode.c.objc; path = ActivityRecognition.m; sourceTree = "<group>"; };
		169384EF1C17C39300A17F2C /* MicrosoftBandKit_iOS.framework */ = {isa = PBXFileReference; lastKnownFileType = wrapper.framework; path = MicrosoftBandKit_iOS.framework; sourceTree = "<group>"; };
		169384F11C17C3D300A17F2C /* MSBand.h */ = {isa = PBXFileReference; fileEncoding = 4; lastKnownFileType = sourcecode.c.h; path = MSBand.h; sourceTree = "<group>"; };
		169384F21C17C3D300A17F2C /* MSBand.m */ = {isa = PBXFileReference; fileEncoding = 4; lastKnownFileType = sourcecode.c.objc; path = MSBand.m; sourceTree = "<group>"; };
		169384F41C18DD3D00A17F2C /* awareframework.der */ = {isa = PBXFileReference; lastKnownFileType = file; path = awareframework.der; sourceTree = "<group>"; };
		169A7B221BFF16E700A7C06D /* Gyroscope.h */ = {isa = PBXFileReference; fileEncoding = 4; lastKnownFileType = sourcecode.c.h; path = Gyroscope.h; sourceTree = "<group>"; };
		169A7B231BFF16E700A7C06D /* Gyroscope.m */ = {isa = PBXFileReference; fileEncoding = 4; lastKnownFileType = sourcecode.c.objc; path = Gyroscope.m; sourceTree = "<group>"; };
		169A7B251BFF193C00A7C06D /* Magnetometer.h */ = {isa = PBXFileReference; fileEncoding = 4; lastKnownFileType = sourcecode.c.h; path = Magnetometer.h; sourceTree = "<group>"; };
		169A7B261BFF193C00A7C06D /* Magnetometer.m */ = {isa = PBXFileReference; fileEncoding = 4; lastKnownFileType = sourcecode.c.objc; path = Magnetometer.m; sourceTree = "<group>"; };
		169A7B281BFF1C2300A7C06D /* Battery.h */ = {isa = PBXFileReference; fileEncoding = 4; lastKnownFileType = sourcecode.c.h; path = Battery.h; sourceTree = "<group>"; };
		169A7B291BFF1C2300A7C06D /* Battery.m */ = {isa = PBXFileReference; fileEncoding = 4; lastKnownFileType = sourcecode.c.objc; path = Battery.m; sourceTree = "<group>"; };
		169A7B2B1BFF219500A7C06D /* Barometer.h */ = {isa = PBXFileReference; fileEncoding = 4; lastKnownFileType = sourcecode.c.h; path = Barometer.h; sourceTree = "<group>"; };
		169A7B2C1BFF219500A7C06D /* Barometer.m */ = {isa = PBXFileReference; fileEncoding = 4; lastKnownFileType = sourcecode.c.objc; path = Barometer.m; sourceTree = "<group>"; };
		169A7B2E1BFF280C00A7C06D /* Locations.h */ = {isa = PBXFileReference; fileEncoding = 4; lastKnownFileType = sourcecode.c.h; path = Locations.h; sourceTree = "<group>"; };
		169A7B2F1BFF280C00A7C06D /* Locations.m */ = {isa = PBXFileReference; fileEncoding = 4; lastKnownFileType = sourcecode.c.objc; path = Locations.m; sourceTree = "<group>"; };
		169A7B311BFF282800A7C06D /* CoreLocation.framework */ = {isa = PBXFileReference; lastKnownFileType = wrapper.framework; name = CoreLocation.framework; path = System/Library/Frameworks/CoreLocation.framework; sourceTree = SDKROOT; };
		169A7B331BFFB67800A7C06D /* Network.h */ = {isa = PBXFileReference; fileEncoding = 4; lastKnownFileType = sourcecode.c.h; path = Network.h; sourceTree = "<group>"; };
		169A7B341BFFB67800A7C06D /* Network.m */ = {isa = PBXFileReference; fileEncoding = 4; lastKnownFileType = sourcecode.c.objc; path = Network.m; sourceTree = "<group>"; };
		169A7B391BFFC8B100A7C06D /* Wifi.h */ = {isa = PBXFileReference; fileEncoding = 4; lastKnownFileType = sourcecode.c.h; path = Wifi.h; sourceTree = "<group>"; };
		169A7B3A1BFFC8B100A7C06D /* Wifi.m */ = {isa = PBXFileReference; fileEncoding = 4; lastKnownFileType = sourcecode.c.objc; path = Wifi.m; sourceTree = "<group>"; };
		169A7B3C1BFFC9F900A7C06D /* SystemConfiguration.framework */ = {isa = PBXFileReference; lastKnownFileType = wrapper.framework; name = SystemConfiguration.framework; path = System/Library/Frameworks/SystemConfiguration.framework; sourceTree = SDKROOT; };
		169A7B3E1BFFD55A00A7C06D /* Processor.h */ = {isa = PBXFileReference; fileEncoding = 4; lastKnownFileType = sourcecode.c.h; path = Processor.h; sourceTree = "<group>"; };
		169A7B3F1BFFD55A00A7C06D /* Processor.m */ = {isa = PBXFileReference; fileEncoding = 4; lastKnownFileType = sourcecode.c.objc; path = Processor.m; sourceTree = "<group>"; };
		169A7B411BFFDE8F00A7C06D /* Rotation.h */ = {isa = PBXFileReference; fileEncoding = 4; lastKnownFileType = sourcecode.c.h; path = Rotation.h; sourceTree = "<group>"; };
		169A7B421BFFDE8F00A7C06D /* Rotation.m */ = {isa = PBXFileReference; fileEncoding = 4; lastKnownFileType = sourcecode.c.objc; path = Rotation.m; sourceTree = "<group>"; };
		169A7B441C0052F800A7C06D /* Gravity.h */ = {isa = PBXFileReference; fileEncoding = 4; lastKnownFileType = sourcecode.c.h; path = Gravity.h; sourceTree = "<group>"; };
		169A7B451C0052F800A7C06D /* Gravity.m */ = {isa = PBXFileReference; fileEncoding = 4; lastKnownFileType = sourcecode.c.objc; path = Gravity.m; sourceTree = "<group>"; };
		169A7B471C00591A00A7C06D /* LinearAccelerometer.h */ = {isa = PBXFileReference; fileEncoding = 4; lastKnownFileType = sourcecode.c.h; path = LinearAccelerometer.h; sourceTree = "<group>"; };
		169A7B481C00591A00A7C06D /* LinearAccelerometer.m */ = {isa = PBXFileReference; fileEncoding = 4; lastKnownFileType = sourcecode.c.objc; path = LinearAccelerometer.m; sourceTree = "<group>"; };
		16D810231C06242500605DE2 /* CFNetwork.framework */ = {isa = PBXFileReference; lastKnownFileType = wrapper.framework; name = CFNetwork.framework; path = System/Library/Frameworks/CFNetwork.framework; sourceTree = SDKROOT; };
		16D810251C06242F00605DE2 /* Security.framework */ = {isa = PBXFileReference; lastKnownFileType = wrapper.framework; name = Security.framework; path = System/Library/Frameworks/Security.framework; sourceTree = SDKROOT; };
		16D8102C1C06671500605DE2 /* ExternalAccessory.framework */ = {isa = PBXFileReference; lastKnownFileType = wrapper.framework; name = ExternalAccessory.framework; path = System/Library/Frameworks/ExternalAccessory.framework; sourceTree = SDKROOT; };
		16DEA2351C54557B00B607C9 /* AWAREUtils.h */ = {isa = PBXFileReference; fileEncoding = 4; lastKnownFileType = sourcecode.c.h; path = AWAREUtils.h; sourceTree = "<group>"; };
		16DEA2361C54557B00B607C9 /* AWAREUtils.m */ = {isa = PBXFileReference; fileEncoding = 4; lastKnownFileType = sourcecode.c.objc; path = AWAREUtils.m; sourceTree = "<group>"; };
		16DEA2381C5535B300B607C9 /* AWAREEsmUtils.h */ = {isa = PBXFileReference; fileEncoding = 4; lastKnownFileType = sourcecode.c.h; path = AWAREEsmUtils.h; sourceTree = "<group>"; };
		16DEA2391C5535B300B607C9 /* AWAREEsmUtils.m */ = {isa = PBXFileReference; fileEncoding = 4; lastKnownFileType = sourcecode.c.objc; path = AWAREEsmUtils.m; sourceTree = "<group>"; };
		16E155311C252B4D00316321 /* AWAREPlugin.h */ = {isa = PBXFileReference; fileEncoding = 4; lastKnownFileType = sourcecode.c.h; path = AWAREPlugin.h; sourceTree = "<group>"; };
		16E155321C252B4D00316321 /* AWAREPlugin.m */ = {isa = PBXFileReference; fileEncoding = 4; lastKnownFileType = sourcecode.c.objc; path = AWAREPlugin.m; sourceTree = "<group>"; };
		16E155371C27C2AC00316321 /* EventKit.framework */ = {isa = PBXFileReference; lastKnownFileType = wrapper.framework; name = EventKit.framework; path = System/Library/Frameworks/EventKit.framework; sourceTree = SDKROOT; };
		16E155381C27C2AC00316321 /* EventKitUI.framework */ = {isa = PBXFileReference; lastKnownFileType = wrapper.framework; name = EventKitUI.framework; path = System/Library/Frameworks/EventKitUI.framework; sourceTree = SDKROOT; };
		16E47EC81C4D8BF5005B7932 /* FusedLocations.h */ = {isa = PBXFileReference; fileEncoding = 4; lastKnownFileType = sourcecode.c.h; path = FusedLocations.h; sourceTree = "<group>"; };
		16E47EC91C4D8BF5005B7932 /* FusedLocations.m */ = {isa = PBXFileReference; fileEncoding = 4; lastKnownFileType = sourcecode.c.objc; path = FusedLocations.m; sourceTree = "<group>"; };
		16E7AF821C3D54D4005C9EDC /* SSLManager.h */ = {isa = PBXFileReference; fileEncoding = 4; lastKnownFileType = sourcecode.c.h; path = SSLManager.h; sourceTree = "<group>"; };
		16E7AF831C3D54D4005C9EDC /* SSLManager.m */ = {isa = PBXFileReference; fileEncoding = 4; lastKnownFileType = sourcecode.c.objc; path = SSLManager.m; sourceTree = "<group>"; };
		16E7AF8E1C3DB8E5005C9EDC /* GoogleLogin.h */ = {isa = PBXFileReference; fileEncoding = 4; lastKnownFileType = sourcecode.c.h; path = GoogleLogin.h; sourceTree = "<group>"; };
		16E7AF8F1C3DB8E5005C9EDC /* GoogleLogin.m */ = {isa = PBXFileReference; fileEncoding = 4; lastKnownFileType = sourcecode.c.objc; path = GoogleLogin.m; sourceTree = "<group>"; };
		16E7AF931C3DF7A0005C9EDC /* LocationModel.xcdatamodel */ = {isa = PBXFileReference; lastKnownFileType = wrapper.xcdatamodel; path = LocationModel.xcdatamodel; sourceTree = "<group>"; };
		16E7AF951C3DF8A9005C9EDC /* CoreData.framework */ = {isa = PBXFileReference; lastKnownFileType = wrapper.framework; name = CoreData.framework; path = System/Library/Frameworks/CoreData.framework; sourceTree = SDKROOT; };
		16EB1E581C4A930500966A07 /* LocalFileStorageHelper.h */ = {isa = PBXFileReference; fileEncoding = 4; lastKnownFileType = sourcecode.c.h; path = LocalFileStorageHelper.h; sourceTree = "<group>"; };
		16EB1E591C4A930500966A07 /* LocalFileStorageHelper.m */ = {isa = PBXFileReference; fileEncoding = 4; lastKnownFileType = sourcecode.c.objc; path = LocalFileStorageHelper.m; sourceTree = "<group>"; };
		16EB1E5B1C4AC12500966A07 /* CalEvent.h */ = {isa = PBXFileReference; fileEncoding = 4; lastKnownFileType = sourcecode.c.h; path = CalEvent.h; sourceTree = "<group>"; };
		16EB1E5C1C4AC12500966A07 /* CalEvent.m */ = {isa = PBXFileReference; fileEncoding = 4; lastKnownFileType = sourcecode.c.objc; path = CalEvent.m; sourceTree = "<group>"; };
		16F09B201C249C5F005C1EB8 /* GoogleCalPull.h */ = {isa = PBXFileReference; fileEncoding = 4; lastKnownFileType = sourcecode.c.h; path = GoogleCalPull.h; sourceTree = "<group>"; };
		16F09B211C249C5F005C1EB8 /* GoogleCalPull.m */ = {isa = PBXFileReference; fileEncoding = 4; lastKnownFileType = sourcecode.c.objc; path = GoogleCalPull.m; sourceTree = "<group>"; };
		16F09B231C24A584005C1EB8 /* libGoogle-API-Client.a */ = {isa = PBXFileReference; lastKnownFileType = archive.ar; name = "libGoogle-API-Client.a"; path = "Pods/../build/Debug-iphoneos/libGoogle-API-Client.a"; sourceTree = "<group>"; };
		16F09B241C24A584005C1EB8 /* libgtm-http-fetcher.a */ = {isa = PBXFileReference; lastKnownFileType = archive.ar; name = "libgtm-http-fetcher.a"; path = "Pods/../build/Debug-iphoneos/libgtm-http-fetcher.a"; sourceTree = "<group>"; };
		16F09B251C24A584005C1EB8 /* libgtm-oauth2.a */ = {isa = PBXFileReference; lastKnownFileType = archive.ar; name = "libgtm-oauth2.a"; path = "Pods/../build/Debug-iphoneos/libgtm-oauth2.a"; sourceTree = "<group>"; };
		16F2139C1C589BC2007E89CA /* AWAREKeyboard.appex */ = {isa = PBXFileReference; explicitFileType = "wrapper.app-extension"; includeInIndex = 0; path = AWAREKeyboard.appex; sourceTree = BUILT_PRODUCTS_DIR; };
		16F2139E1C589BC2007E89CA /* KeyboardViewController.h */ = {isa = PBXFileReference; lastKnownFileType = sourcecode.c.h; path = KeyboardViewController.h; sourceTree = "<group>"; };
		16F2139F1C589BC2007E89CA /* KeyboardViewController.m */ = {isa = PBXFileReference; lastKnownFileType = sourcecode.c.objc; path = KeyboardViewController.m; sourceTree = "<group>"; };
		16F213A11C589BC2007E89CA /* Info.plist */ = {isa = PBXFileReference; lastKnownFileType = text.plist.xml; path = Info.plist; sourceTree = "<group>"; };
		16F213AC1C594292007E89CA /* ApplicationHistory.h */ = {isa = PBXFileReference; fileEncoding = 4; lastKnownFileType = sourcecode.c.h; path = ApplicationHistory.h; sourceTree = "<group>"; };
		16F213AD1C594292007E89CA /* ApplicationHistory.m */ = {isa = PBXFileReference; fileEncoding = 4; lastKnownFileType = sourcecode.c.objc; path = ApplicationHistory.m; sourceTree = "<group>"; };
		16FCE2751BFE9326005FC71A /* AWARESensorManager.h */ = {isa = PBXFileReference; fileEncoding = 4; lastKnownFileType = sourcecode.c.h; path = AWARESensorManager.h; sourceTree = "<group>"; };
		16FCE2761BFE9326005FC71A /* AWARESensorManager.m */ = {isa = PBXFileReference; fileEncoding = 4; lastKnownFileType = sourcecode.c.objc; path = AWARESensorManager.m; sourceTree = "<group>"; };
		9B5BAD09F1FBEE0838867ACF /* Pods-AWARE.release.xcconfig */ = {isa = PBXFileReference; includeInIndex = 1; lastKnownFileType = text.xcconfig; name = "Pods-AWARE.release.xcconfig"; path = "Pods/Target Support Files/Pods-AWARE/Pods-AWARE.release.xcconfig"; sourceTree = "<group>"; };
		9ED04F29ED60F3FCC960F6CD /* libPods-AWARE.a */ = {isa = PBXFileReference; explicitFileType = archive.ar; includeInIndex = 0; path = "libPods-AWARE.a"; sourceTree = BUILT_PRODUCTS_DIR; };
		EE6BA2397CB9F7AB5C901B47 /* Pods-AWARE.debug.xcconfig */ = {isa = PBXFileReference; includeInIndex = 1; lastKnownFileType = text.xcconfig; name = "Pods-AWARE.debug.xcconfig"; path = "Pods/Target Support Files/Pods-AWARE/Pods-AWARE.debug.xcconfig"; sourceTree = "<group>"; };
/* End PBXFileReference section */

/* Begin PBXFrameworksBuildPhase section */
		1623CE631BFD1B2C00EFAD72 /* Frameworks */ = {
			isa = PBXFrameworksBuildPhase;
			buildActionMask = 2147483647;
			files = (
				162B7DDC1C4EF792006972B5 /* CoreTelephony.framework in Frameworks */,
				165B6E0D1C4018EC00417432 /* libGoogle-API-Client.a in Frameworks */,
				16E7AF961C3DF8A9005C9EDC /* CoreData.framework in Frameworks */,
				16E155391C27C2AC00316321 /* EventKit.framework in Frameworks */,
				16E1553A1C27C2AC00316321 /* EventKitUI.framework in Frameworks */,
				16F09B271C24A584005C1EB8 /* libgtm-http-fetcher.a in Frameworks */,
				16F09B281C24A584005C1EB8 /* libgtm-oauth2.a in Frameworks */,
				164DD66A1C1FC1F900ADA92B /* MapKit.framework in Frameworks */,
				168683031C07C43600CB4266 /* AudioToolbox.framework in Frameworks */,
				16D810261C06242F00605DE2 /* Security.framework in Frameworks */,
				16D810241C06242500605DE2 /* CFNetwork.framework in Frameworks */,
				160EE9BF1C050B9000015688 /* CoreBluetooth.framework in Frameworks */,
				169A7B3D1BFFC9F900A7C06D /* SystemConfiguration.framework in Frameworks */,
				169A7B321BFF282800A7C06D /* CoreLocation.framework in Frameworks */,
				169384F01C17C39300A17F2C /* MicrosoftBandKit_iOS.framework in Frameworks */,
				1623CEB91BFE319100EFAD72 /* CoreMotion.framework in Frameworks */,
				16D8102D1C06671500605DE2 /* ExternalAccessory.framework in Frameworks */,
				1623CEB11BFD40FB00EFAD72 /* AVFoundation.framework in Frameworks */,
				FC2AF85D761397B784DECBD3 /* libPods-AWARE.a in Frameworks */,
			);
			runOnlyForDeploymentPostprocessing = 0;
		};
		1623CE7F1BFD1B2C00EFAD72 /* Frameworks */ = {
			isa = PBXFrameworksBuildPhase;
			buildActionMask = 2147483647;
			files = (
			);
			runOnlyForDeploymentPostprocessing = 0;
		};
		1623CE8A1BFD1B2C00EFAD72 /* Frameworks */ = {
			isa = PBXFrameworksBuildPhase;
			buildActionMask = 2147483647;
			files = (
			);
			runOnlyForDeploymentPostprocessing = 0;
		};
		16F213991C589BC2007E89CA /* Frameworks */ = {
			isa = PBXFrameworksBuildPhase;
			buildActionMask = 2147483647;
			files = (
			);
			runOnlyForDeploymentPostprocessing = 0;
		};
/* End PBXFrameworksBuildPhase section */

/* Begin PBXGroup section */
		1602ADB81C45B021002B3121 /* Accelerometer */ = {
			isa = PBXGroup;
			children = (
				1623CEBA1BFE390600EFAD72 /* Accelerometer.h */,
				1623CEBB1BFE390600EFAD72 /* Accelerometer.m */,
			);
			name = Accelerometer;
			sourceTree = "<group>";
		};
		1602ADB91C45B030002B3121 /* Gyroscope */ = {
			isa = PBXGroup;
			children = (
				169A7B221BFF16E700A7C06D /* Gyroscope.h */,
				169A7B231BFF16E700A7C06D /* Gyroscope.m */,
			);
			name = Gyroscope;
			sourceTree = "<group>";
		};
		1602ADBA1C45B03A002B3121 /* Magnetometer */ = {
			isa = PBXGroup;
			children = (
				169A7B251BFF193C00A7C06D /* Magnetometer.h */,
				169A7B261BFF193C00A7C06D /* Magnetometer.m */,
			);
			name = Magnetometer;
			sourceTree = "<group>";
		};
		1602ADBB1C45B063002B3121 /* Battery */ = {
			isa = PBXGroup;
			children = (
				169A7B281BFF1C2300A7C06D /* Battery.h */,
				169A7B291BFF1C2300A7C06D /* Battery.m */,
			);
			name = Battery;
			sourceTree = "<group>";
		};
		1602ADBC1C45B06C002B3121 /* Barometter */ = {
			isa = PBXGroup;
			children = (
				169A7B2B1BFF219500A7C06D /* Barometer.h */,
				169A7B2C1BFF219500A7C06D /* Barometer.m */,
			);
			name = Barometter;
			sourceTree = "<group>";
		};
		1602ADBD1C45B089002B3121 /* Locations */ = {
			isa = PBXGroup;
			children = (
				169A7B2E1BFF280C00A7C06D /* Locations.h */,
				169A7B2F1BFF280C00A7C06D /* Locations.m */,
			);
			name = Locations;
			sourceTree = "<group>";
		};
		1602ADBE1C45B090002B3121 /* Network */ = {
			isa = PBXGroup;
			children = (
				169A7B331BFFB67800A7C06D /* Network.h */,
				169A7B341BFFB67800A7C06D /* Network.m */,
			);
			name = Network;
			sourceTree = "<group>";
		};
		1602ADBF1C45B099002B3121 /* Wifi */ = {
			isa = PBXGroup;
			children = (
				169A7B391BFFC8B100A7C06D /* Wifi.h */,
				169A7B3A1BFFC8B100A7C06D /* Wifi.m */,
			);
			name = Wifi;
			sourceTree = "<group>";
		};
		1602ADC01C45B09F002B3121 /* Processor */ = {
			isa = PBXGroup;
			children = (
				169A7B3E1BFFD55A00A7C06D /* Processor.h */,
				169A7B3F1BFFD55A00A7C06D /* Processor.m */,
			);
			name = Processor;
			sourceTree = "<group>";
		};
		1602ADC11C45B0B0002B3121 /* Rotation */ = {
			isa = PBXGroup;
			children = (
				169A7B411BFFDE8F00A7C06D /* Rotation.h */,
				169A7B421BFFDE8F00A7C06D /* Rotation.m */,
			);
			name = Rotation;
			sourceTree = "<group>";
		};
		1602ADC21C45B0B8002B3121 /* Gravity */ = {
			isa = PBXGroup;
			children = (
				169A7B441C0052F800A7C06D /* Gravity.h */,
				169A7B451C0052F800A7C06D /* Gravity.m */,
			);
			name = Gravity;
			sourceTree = "<group>";
		};
		1602ADC31C45B0CD002B3121 /* LinearAccelerometer */ = {
			isa = PBXGroup;
			children = (
				169A7B471C00591A00A7C06D /* LinearAccelerometer.h */,
				169A7B481C00591A00A7C06D /* LinearAccelerometer.m */,
			);
			name = LinearAccelerometer;
			sourceTree = "<group>";
		};
		1602ADC41C45B0D1002B3121 /* Bluetooth */ = {
			isa = PBXGroup;
			children = (
				160EE9BB1C050B4C00015688 /* Bluetooth.h */,
				160EE9BC1C050B4C00015688 /* Bluetooth.m */,
			);
			name = Bluetooth;
			sourceTree = "<group>";
		};
		1602ADC51C45B0D8002B3121 /* Screen */ = {
			isa = PBXGroup;
			children = (
				164DD65A1C1F762000ADA92B /* Screen.h */,
				164DD65B1C1F762000ADA92B /* Screen.m */,
			);
			name = Screen;
			sourceTree = "<group>";
		};
		1602ADC61C45B0E2002B3121 /* Proximity */ = {
			isa = PBXGroup;
			children = (
				164DD6631C1FB1A400ADA92B /* Proximity.h */,
				164DD6641C1FB1A400ADA92B /* Proximity.m */,
			);
			name = Proximity;
			sourceTree = "<group>";
		};
		1602ADC71C45B0EB002B3121 /* Timezone */ = {
			isa = PBXGroup;
			children = (
				164DD6661C1FBA9100ADA92B /* Timezone.h */,
				164DD6671C1FBA9100ADA92B /* Timezone.m */,
			);
			name = Timezone;
			sourceTree = "<group>";
		};
		1602ADC81C45B0F0002B3121 /* ESM */ = {
			isa = PBXGroup;
			children = (
				164810831C21C08C00B830D9 /* ESM.h */,
				164810841C21C08C00B830D9 /* ESM.m */,
			);
			name = ESM;
			sourceTree = "<group>";
		};
		1602ADC91C45B0FD002B3121 /* Scheduler */ = {
			isa = PBXGroup;
			children = (
				1643959D1C22EEC40039E113 /* Scheduler.h */,
				1643959E1C22EEC40039E113 /* Scheduler.m */,
			);
			name = Scheduler;
			sourceTree = "<group>";
		};
		160794491C1926840021816F /* AWAREFramework */ = {
			isa = PBXGroup;
			children = (
				16E7AF861C3D563F005C9EDC /* Study */,
				16E7AF851C3D54E0005C9EDC /* Utils */,
				1677AF2F1C2B4BB500F7C482 /* ESM */,
				16E155351C25B68700316321 /* MQTT */,
				16E155341C252B5B00316321 /* Plugins */,
				168683011C07922100CB4266 /* Sensors */,
			);
			name = AWAREFramework;
			sourceTree = "<group>";
		};
		16228A3D1C22DAE20081C839 /* AWARE-Widget */ = {
			isa = PBXGroup;
			children = (
				16228A3E1C22DAE20081C839 /* TodayViewController.h */,
				16228A3F1C22DAE20081C839 /* TodayViewController.m */,
				16228A411C22DAE20081C839 /* MainInterface.storyboard */,
				16228A441C22DAE20081C839 /* Info.plist */,
			);
			path = "AWARE-Widget";
			sourceTree = "<group>";
		};
		1623CE5D1BFD1B2C00EFAD72 = {
			isa = PBXGroup;
			children = (
				1623CE681BFD1B2C00EFAD72 /* AWARE */,
				1623CE851BFD1B2C00EFAD72 /* AWARETests */,
				1623CE901BFD1B2C00EFAD72 /* AWAREUITests */,
				16228A3D1C22DAE20081C839 /* AWARE-Widget */,
				16F2139D1C589BC2007E89CA /* AWAREKeyboard */,
				1623CE671BFD1B2C00EFAD72 /* Products */,
				FB81DBFF7EDA98B8AA03FF24 /* Pods */,
				2A3CA9F5620967BACB187EB7 /* Frameworks */,
			);
			sourceTree = "<group>";
		};
		1623CE671BFD1B2C00EFAD72 /* Products */ = {
			isa = PBXGroup;
			children = (
				1623CE661BFD1B2C00EFAD72 /* AWARE.app */,
				1623CE821BFD1B2C00EFAD72 /* AWARETests.xctest */,
				1623CE8D1BFD1B2C00EFAD72 /* AWAREUITests.xctest */,
				16F2139C1C589BC2007E89CA /* AWAREKeyboard.appex */,
			);
			name = Products;
			sourceTree = "<group>";
		};
		1623CE681BFD1B2C00EFAD72 /* AWARE */ = {
			isa = PBXGroup;
			children = (
				169384F41C18DD3D00A17F2C /* awareframework.der */,
				165A8B6E1C03B90500898C6C /* GoogleService-Info.plist */,
				1623CEA11BFD253A00EFAD72 /* AWARE.entitlements */,
				1623CE721BFD1B2C00EFAD72 /* Main.storyboard */,
				1623CE7A1BFD1B2C00EFAD72 /* LaunchScreen.storyboard */,
				1623CE6C1BFD1B2C00EFAD72 /* AppDelegate.h */,
				1623CE6D1BFD1B2C00EFAD72 /* AppDelegate.m */,
				1623CE6F1BFD1B2C00EFAD72 /* ViewController.h */,
				1623CE701BFD1B2C00EFAD72 /* ViewController.m */,
				165A8B721C03C0B300898C6C /* GoogleLoginViewController.h */,
				165A8B731C03C0B300898C6C /* GoogleLoginViewController.m */,
				1623CEAD1BFD407900EFAD72 /* QRCodeViewController.h */,
				1623CEAE1BFD407900EFAD72 /* QRCodeViewController.m */,
				1648103E1C20ECC300B830D9 /* AWAREEsmViewController.h */,
				1648103F1C20ECC300B830D9 /* AWAREEsmViewController.m */,
				160794491C1926840021816F /* AWAREFramework */,
				1623CE781BFD1B2C00EFAD72 /* Assets.xcassets */,
				1623CE7D1BFD1B2C00EFAD72 /* Info.plist */,
				1623CE751BFD1B2C00EFAD72 /* AWARE.xcdatamodeld */,
				1623CE691BFD1B2C00EFAD72 /* Supporting Files */,
			);
			path = AWARE;
			sourceTree = "<group>";
		};
		1623CE691BFD1B2C00EFAD72 /* Supporting Files */ = {
			isa = PBXGroup;
			children = (
				1623CE6A1BFD1B2C00EFAD72 /* main.m */,
			);
			name = "Supporting Files";
			sourceTree = "<group>";
		};
		1623CE851BFD1B2C00EFAD72 /* AWARETests */ = {
			isa = PBXGroup;
			children = (
				1623CE861BFD1B2C00EFAD72 /* AWARETests.m */,
				1623CE881BFD1B2C00EFAD72 /* Info.plist */,
			);
			path = AWARETests;
			sourceTree = "<group>";
		};
		1623CE901BFD1B2C00EFAD72 /* AWAREUITests */ = {
			isa = PBXGroup;
			children = (
				1623CE911BFD1B2C00EFAD72 /* AWAREUITests.m */,
				1623CE931BFD1B2C00EFAD72 /* Info.plist */,
			);
			path = AWAREUITests;
			sourceTree = "<group>";
		};
		162B7DE01C4EFA59006972B5 /* Calls */ = {
			isa = PBXGroup;
			children = (
				162B7DDD1C4EFA46006972B5 /* Calls.h */,
				162B7DDE1C4EFA46006972B5 /* Calls.m */,
			);
			name = Calls;
			sourceTree = "<group>";
		};
		164B1A9D1C4923FC0047BB85 /* BalancedCampusCalendar */ = {
			isa = PBXGroup;
			children = (
				16F09B201C249C5F005C1EB8 /* GoogleCalPull.h */,
				16F09B211C249C5F005C1EB8 /* GoogleCalPull.m */,
				16EB1E5B1C4AC12500966A07 /* CalEvent.h */,
				16EB1E5C1C4AC12500966A07 /* CalEvent.m */,
			);
			name = BalancedCampusCalendar;
			sourceTree = "<group>";
		};
		164B1A9E1C49240F0047BB85 /* BalancedCampusJournal */ = {
			isa = PBXGroup;
			children = (
				1671A5D61C3B583C00C41F44 /* GoogleCalPush.h */,
				1671A5D71C3B583C00C41F44 /* GoogleCalPush.m */,
				16E7AF921C3DF7A0005C9EDC /* LocationModel.xcdatamodeld */,
			);
			name = BalancedCampusJournal;
			sourceTree = "<group>";
		};
		1677AF2F1C2B4BB500F7C482 /* ESM */ = {
			isa = PBXGroup;
			children = (
				16228A4F1C22E9FE0081C839 /* AWARESchedule.h */,
				16228A501C22E9FE0081C839 /* AWARESchedule.m */,
				1677AF2C1C2B109A00F7C482 /* SingleESMObject.h */,
				1677AF2D1C2B109A00F7C482 /* SingleESMObject.m */,
				1677AF301C2B4BDE00F7C482 /* MultiESMObject.h */,
				1677AF311C2B4BDE00F7C482 /* MultiESMObject.m */,
				1663BB7E1C2C94C3003F03DF /* ESMStorageHelper.h */,
				1663BB7F1C2C94C3003F03DF /* ESMStorageHelper.m */,
				16DEA2381C5535B300B607C9 /* AWAREEsmUtils.h */,
				16DEA2391C5535B300B607C9 /* AWAREEsmUtils.m */,
			);
			name = ESM;
			sourceTree = "<group>";
		};
		168683011C07922100CB4266 /* Sensors */ = {
			isa = PBXGroup;
			children = (
				1623CEB51BFE175F00EFAD72 /* AWARESensor.h */,
				1623CEB61BFE175F00EFAD72 /* AWARESensor.m */,
				16F213AB1C59426D007E89CA /* ApplicationHistory */,
				162B7DE01C4EFA59006972B5 /* Calls */,
				1602ADB81C45B021002B3121 /* Accelerometer */,
				1602ADB91C45B030002B3121 /* Gyroscope */,
				1602ADBA1C45B03A002B3121 /* Magnetometer */,
				1602ADBB1C45B063002B3121 /* Battery */,
				1602ADBC1C45B06C002B3121 /* Barometter */,
				1602ADBD1C45B089002B3121 /* Locations */,
				1602ADBE1C45B090002B3121 /* Network */,
				1602ADBF1C45B099002B3121 /* Wifi */,
				1602ADC01C45B09F002B3121 /* Processor */,
				1602ADC11C45B0B0002B3121 /* Rotation */,
				1602ADC21C45B0B8002B3121 /* Gravity */,
				1602ADC31C45B0CD002B3121 /* LinearAccelerometer */,
				1602ADC41C45B0D1002B3121 /* Bluetooth */,
				1602ADC51C45B0D8002B3121 /* Screen */,
				1602ADC61C45B0E2002B3121 /* Proximity */,
				1602ADC71C45B0EB002B3121 /* Timezone */,
				1602ADC81C45B0F0002B3121 /* ESM */,
			);
			name = Sensors;
			sourceTree = "<group>";
		};
		16E155341C252B5B00316321 /* Plugins */ = {
			isa = PBXGroup;
			children = (
				16E155311C252B4D00316321 /* AWAREPlugin.h */,
				16E155321C252B4D00316321 /* AWAREPlugin.m */,
				16E47ECB1C4D8C05005B7932 /* FusedLocations */,
				16E7AF911C3DB9D4005C9EDC /* GoogleLogin */,
				164B1A9D1C4923FC0047BB85 /* BalancedCampusCalendar */,
				164B1A9E1C49240F0047BB85 /* BalancedCampusJournal */,
				16E7AF881C3DB726005C9EDC /* MSBand */,
				16E7AF891C3DB72D005C9EDC /* OpenWeather */,
				16E7AF8A1C3DB7B1005C9EDC /* AmbientNoise */,
				16E7AF8B1C3DB7BF005C9EDC /* ActivityRecognition */,
				16E7AF8C1C3DB7D0005C9EDC /* NTPTime */,
				16E7AF8D1C3DB7DA005C9EDC /* DeviceUsage */,
				1602ADC91C45B0FD002B3121 /* Scheduler */,
			);
			name = Plugins;
			sourceTree = "<group>";
		};
		16E155351C25B68700316321 /* MQTT */ = {
			isa = PBXGroup;
			children = (
				1607944F1C1A4E380021816F /* AWAREMqtt.h */,
				160794501C1A4E380021816F /* AWAREMqtt.m */,
			);
			name = MQTT;
			sourceTree = "<group>";
		};
		16E47ECB1C4D8C05005B7932 /* FusedLocations */ = {
			isa = PBXGroup;
			children = (
				16E47EC81C4D8BF5005B7932 /* FusedLocations.h */,
				16E47EC91C4D8BF5005B7932 /* FusedLocations.m */,
			);
			name = FusedLocations;
			sourceTree = "<group>";
		};
		16E7AF851C3D54E0005C9EDC /* Utils */ = {
			isa = PBXGroup;
			children = (
				1623CEB21BFD659000EFAD72 /* AWAREKeys.h */,
				1623CEB31BFD659000EFAD72 /* AWAREKeys.m */,
				16DEA2351C54557B00B607C9 /* AWAREUtils.h */,
				16DEA2361C54557B00B607C9 /* AWAREUtils.m */,
				16E7AF821C3D54D4005C9EDC /* SSLManager.h */,
				16E7AF831C3D54D4005C9EDC /* SSLManager.m */,
				16EB1E581C4A930500966A07 /* LocalFileStorageHelper.h */,
				16EB1E591C4A930500966A07 /* LocalFileStorageHelper.m */,
			);
			name = Utils;
			sourceTree = "<group>";
		};
		16E7AF861C3D563F005C9EDC /* Study */ = {
			isa = PBXGroup;
			children = (
				1607944A1C19274C0021816F /* AWAREStudy.h */,
				1607944B1C19274C0021816F /* AWAREStudy.m */,
				16FCE2751BFE9326005FC71A /* AWARESensorManager.h */,
				16FCE2761BFE9326005FC71A /* AWARESensorManager.m */,
			);
			name = Study;
			sourceTree = "<group>";
		};
		16E7AF881C3DB726005C9EDC /* MSBand */ = {
			isa = PBXGroup;
			children = (
				169384F11C17C3D300A17F2C /* MSBand.h */,
				169384F21C17C3D300A17F2C /* MSBand.m */,
			);
			name = MSBand;
			sourceTree = "<group>";
		};
		16E7AF891C3DB72D005C9EDC /* OpenWeather */ = {
			isa = PBXGroup;
			children = (
				160EE9C11C052DAA00015688 /* OpenWeather.h */,
				160EE9C21C052DAA00015688 /* OpenWeather.m */,
			);
			name = OpenWeather;
			sourceTree = "<group>";
		};
		16E7AF8A1C3DB7B1005C9EDC /* AmbientNoise */ = {
			isa = PBXGroup;
			children = (
				168683041C07C48900CB4266 /* AmbientNoise.h */,
				168683051C07C48900CB4266 /* AmbientNoise.m */,
			);
			name = AmbientNoise;
			sourceTree = "<group>";
		};
		16E7AF8B1C3DB7BF005C9EDC /* ActivityRecognition */ = {
			isa = PBXGroup;
			children = (
				168683071C08050100CB4266 /* ActivityRecognition.h */,
				168683081C08050100CB4266 /* ActivityRecognition.m */,
			);
			name = ActivityRecognition;
			sourceTree = "<group>";
		};
		16E7AF8C1C3DB7D0005C9EDC /* NTPTime */ = {
			isa = PBXGroup;
			children = (
				164DD6601C1FA72D00ADA92B /* NTPTime.h */,
				164DD6611C1FA72D00ADA92B /* NTPTime.m */,
			);
			name = NTPTime;
			sourceTree = "<group>";
		};
		16E7AF8D1C3DB7DA005C9EDC /* DeviceUsage */ = {
			isa = PBXGroup;
			children = (
				164DD65D1C1F9F1900ADA92B /* DeviceUsage.h */,
				164DD65E1C1F9F1900ADA92B /* DeviceUsage.m */,
			);
			name = DeviceUsage;
			sourceTree = "<group>";
		};
		16E7AF911C3DB9D4005C9EDC /* GoogleLogin */ = {
			isa = PBXGroup;
			children = (
				16E7AF8E1C3DB8E5005C9EDC /* GoogleLogin.h */,
				16E7AF8F1C3DB8E5005C9EDC /* GoogleLogin.m */,
			);
			name = GoogleLogin;
			sourceTree = "<group>";
		};
		16F2139D1C589BC2007E89CA /* AWAREKeyboard */ = {
			isa = PBXGroup;
			children = (
				16F2139E1C589BC2007E89CA /* KeyboardViewController.h */,
				16F2139F1C589BC2007E89CA /* KeyboardViewController.m */,
				16F213A11C589BC2007E89CA /* Info.plist */,
			);
			path = AWAREKeyboard;
			sourceTree = "<group>";
		};
		16F213AB1C59426D007E89CA /* ApplicationHistory */ = {
			isa = PBXGroup;
			children = (
				16F213AC1C594292007E89CA /* ApplicationHistory.h */,
				16F213AD1C594292007E89CA /* ApplicationHistory.m */,
			);
			name = ApplicationHistory;
			sourceTree = "<group>";
		};
		2A3CA9F5620967BACB187EB7 /* Frameworks */ = {
			isa = PBXGroup;
			children = (
				1623FFDC1C5ADB6E00F3E3E4 /* libSystem.tbd */,
				162B7DDB1C4EF792006972B5 /* CoreTelephony.framework */,
				165B6E0C1C4018EC00417432 /* libGoogle-API-Client.a */,
				16E7AF951C3DF8A9005C9EDC /* CoreData.framework */,
				16E155371C27C2AC00316321 /* EventKit.framework */,
				16E155381C27C2AC00316321 /* EventKitUI.framework */,
				16F09B231C24A584005C1EB8 /* libGoogle-API-Client.a */,
				16F09B241C24A584005C1EB8 /* libgtm-http-fetcher.a */,
				16F09B251C24A584005C1EB8 /* libgtm-oauth2.a */,
				164DD6691C1FC1F900ADA92B /* MapKit.framework */,
				1607944D1C1A240F0021816F /* AudioUnit.framework */,
				169384EF1C17C39300A17F2C /* MicrosoftBandKit_iOS.framework */,
				168683021C07C43600CB4266 /* AudioToolbox.framework */,
				16D8102C1C06671500605DE2 /* ExternalAccessory.framework */,
				16D810251C06242F00605DE2 /* Security.framework */,
				16D810231C06242500605DE2 /* CFNetwork.framework */,
				160EE9BE1C050B9000015688 /* CoreBluetooth.framework */,
				169A7B3C1BFFC9F900A7C06D /* SystemConfiguration.framework */,
				169A7B311BFF282800A7C06D /* CoreLocation.framework */,
				1623CEB81BFE319100EFAD72 /* CoreMotion.framework */,
				1623CEB01BFD40FB00EFAD72 /* AVFoundation.framework */,
				9ED04F29ED60F3FCC960F6CD /* libPods-AWARE.a */,
				16228A3B1C22DAE20081C839 /* NotificationCenter.framework */,
			);
			name = Frameworks;
			sourceTree = "<group>";
		};
		FB81DBFF7EDA98B8AA03FF24 /* Pods */ = {
			isa = PBXGroup;
			children = (
				EE6BA2397CB9F7AB5C901B47 /* Pods-AWARE.debug.xcconfig */,
				9B5BAD09F1FBEE0838867ACF /* Pods-AWARE.release.xcconfig */,
			);
			name = Pods;
			sourceTree = "<group>";
		};
/* End PBXGroup section */

/* Begin PBXNativeTarget section */
		1623CE651BFD1B2C00EFAD72 /* AWARE */ = {
			isa = PBXNativeTarget;
			buildConfigurationList = 1623CE961BFD1B2C00EFAD72 /* Build configuration list for PBXNativeTarget "AWARE" */;
			buildPhases = (
				68D9BE595750CD388937C4E7 /* Check Pods Manifest.lock */,
				1623CE621BFD1B2C00EFAD72 /* Sources */,
				1623CE631BFD1B2C00EFAD72 /* Frameworks */,
				1623CE641BFD1B2C00EFAD72 /* Resources */,
				35EEDFB59E9C7F753E79CF14 /* Embed Pods Frameworks */,
				558BE3D37807A33B7448A1B4 /* Copy Pods Resources */,
				16228A4B1C22DAE20081C839 /* Embed App Extensions */,
			);
			buildRules = (
			);
			dependencies = (
				16F213A31C589BC2007E89CA /* PBXTargetDependency */,
			);
			name = AWARE;
			productName = AWARE;
			productReference = 1623CE661BFD1B2C00EFAD72 /* AWARE.app */;
			productType = "com.apple.product-type.application";
		};
		1623CE811BFD1B2C00EFAD72 /* AWARETests */ = {
			isa = PBXNativeTarget;
			buildConfigurationList = 1623CE991BFD1B2C00EFAD72 /* Build configuration list for PBXNativeTarget "AWARETests" */;
			buildPhases = (
				1623CE7E1BFD1B2C00EFAD72 /* Sources */,
				1623CE7F1BFD1B2C00EFAD72 /* Frameworks */,
				1623CE801BFD1B2C00EFAD72 /* Resources */,
			);
			buildRules = (
			);
			dependencies = (
				1623CE841BFD1B2C00EFAD72 /* PBXTargetDependency */,
			);
			name = AWARETests;
			productName = AWARETests;
			productReference = 1623CE821BFD1B2C00EFAD72 /* AWARETests.xctest */;
			productType = "com.apple.product-type.bundle.unit-test";
		};
		1623CE8C1BFD1B2C00EFAD72 /* AWAREUITests */ = {
			isa = PBXNativeTarget;
			buildConfigurationList = 1623CE9C1BFD1B2C00EFAD72 /* Build configuration list for PBXNativeTarget "AWAREUITests" */;
			buildPhases = (
				1623CE891BFD1B2C00EFAD72 /* Sources */,
				1623CE8A1BFD1B2C00EFAD72 /* Frameworks */,
				1623CE8B1BFD1B2C00EFAD72 /* Resources */,
			);
			buildRules = (
			);
			dependencies = (
				1623CE8F1BFD1B2C00EFAD72 /* PBXTargetDependency */,
			);
			name = AWAREUITests;
			productName = AWAREUITests;
			productReference = 1623CE8D1BFD1B2C00EFAD72 /* AWAREUITests.xctest */;
			productType = "com.apple.product-type.bundle.ui-testing";
		};
		16F2139B1C589BC2007E89CA /* AWAREKeyboard */ = {
			isa = PBXNativeTarget;
			buildConfigurationList = 16F213A71C589BC2007E89CA /* Build configuration list for PBXNativeTarget "AWAREKeyboard" */;
			buildPhases = (
				16F213981C589BC2007E89CA /* Sources */,
				16F213991C589BC2007E89CA /* Frameworks */,
				16F2139A1C589BC2007E89CA /* Resources */,
			);
			buildRules = (
			);
			dependencies = (
			);
			name = AWAREKeyboard;
			productName = AWAREKeyboard;
			productReference = 16F2139C1C589BC2007E89CA /* AWAREKeyboard.appex */;
			productType = "com.apple.product-type.app-extension";
		};
/* End PBXNativeTarget section */

/* Begin PBXProject section */
		1623CE5E1BFD1B2C00EFAD72 /* Project object */ = {
			isa = PBXProject;
			attributes = {
				LastUpgradeCheck = 0710;
				ORGANIZATIONNAME = "Yuuki NISHIYAMA";
				TargetAttributes = {
					1623CE651BFD1B2C00EFAD72 = {
						CreatedOnToolsVersion = 7.1;
						DevelopmentTeam = FH352PYMNC;
						SystemCapabilities = {
							com.apple.ApplicationGroups.iOS = {
								enabled = 0;
							};
							com.apple.BackgroundModes = {
								enabled = 1;
							};
							com.apple.DataProtection = {
								enabled = 0;
							};
							com.apple.HealthKit = {
								enabled = 0;
							};
							com.apple.InterAppAudio = {
								enabled = 0;
							};
							com.apple.Maps.iOS = {
								enabled = 1;
							};
							com.apple.Push = {
								enabled = 1;
							};
							com.apple.SafariKeychain = {
								enabled = 0;
							};
							com.apple.WAC = {
								enabled = 1;
							};
							com.apple.iCloud = {
								enabled = 0;
							};
						};
					};
					1623CE811BFD1B2C00EFAD72 = {
						CreatedOnToolsVersion = 7.1;
						TestTargetID = 1623CE651BFD1B2C00EFAD72;
					};
					1623CE8C1BFD1B2C00EFAD72 = {
						CreatedOnToolsVersion = 7.1;
						TestTargetID = 1623CE651BFD1B2C00EFAD72;
					};
					16F2139B1C589BC2007E89CA = {
						CreatedOnToolsVersion = 7.2;
						DevelopmentTeam = FH352PYMNC;
					};
				};
			};
			buildConfigurationList = 1623CE611BFD1B2C00EFAD72 /* Build configuration list for PBXProject "AWARE" */;
			compatibilityVersion = "Xcode 3.2";
			developmentRegion = English;
			hasScannedForEncodings = 0;
			knownRegions = (
				en,
				Base,
			);
			mainGroup = 1623CE5D1BFD1B2C00EFAD72;
			productRefGroup = 1623CE671BFD1B2C00EFAD72 /* Products */;
			projectDirPath = "";
			projectRoot = "";
			targets = (
				1623CE651BFD1B2C00EFAD72 /* AWARE */,
				1623CE811BFD1B2C00EFAD72 /* AWARETests */,
				1623CE8C1BFD1B2C00EFAD72 /* AWAREUITests */,
				16F2139B1C589BC2007E89CA /* AWAREKeyboard */,
			);
		};
/* End PBXProject section */

/* Begin PBXResourcesBuildPhase section */
		1623CE641BFD1B2C00EFAD72 /* Resources */ = {
			isa = PBXResourcesBuildPhase;
			buildActionMask = 2147483647;
			files = (
				1623CE7C1BFD1B2C00EFAD72 /* LaunchScreen.storyboard in Resources */,
				165A8B6F1C03B90500898C6C /* GoogleService-Info.plist in Resources */,
				1623CE791BFD1B2C00EFAD72 /* Assets.xcassets in Resources */,
				1623CE741BFD1B2C00EFAD72 /* Main.storyboard in Resources */,
				169384F51C18DD3D00A17F2C /* awareframework.der in Resources */,
			);
			runOnlyForDeploymentPostprocessing = 0;
		};
		1623CE801BFD1B2C00EFAD72 /* Resources */ = {
			isa = PBXResourcesBuildPhase;
			buildActionMask = 2147483647;
			files = (
				165A8B701C03B90500898C6C /* GoogleService-Info.plist in Resources */,
			);
			runOnlyForDeploymentPostprocessing = 0;
		};
		1623CE8B1BFD1B2C00EFAD72 /* Resources */ = {
			isa = PBXResourcesBuildPhase;
			buildActionMask = 2147483647;
			files = (
				165A8B711C03B90500898C6C /* GoogleService-Info.plist in Resources */,
			);
			runOnlyForDeploymentPostprocessing = 0;
		};
		16F2139A1C589BC2007E89CA /* Resources */ = {
			isa = PBXResourcesBuildPhase;
			buildActionMask = 2147483647;
			files = (
			);
			runOnlyForDeploymentPostprocessing = 0;
		};
/* End PBXResourcesBuildPhase section */

/* Begin PBXShellScriptBuildPhase section */
		35EEDFB59E9C7F753E79CF14 /* Embed Pods Frameworks */ = {
			isa = PBXShellScriptBuildPhase;
			buildActionMask = 2147483647;
			files = (
			);
			inputPaths = (
			);
			name = "Embed Pods Frameworks";
			outputPaths = (
			);
			runOnlyForDeploymentPostprocessing = 0;
			shellPath = /bin/sh;
			shellScript = "\"${SRCROOT}/Pods/Target Support Files/Pods-AWARE/Pods-AWARE-frameworks.sh\"\n";
			showEnvVarsInLog = 0;
		};
		558BE3D37807A33B7448A1B4 /* Copy Pods Resources */ = {
			isa = PBXShellScriptBuildPhase;
			buildActionMask = 2147483647;
			files = (
			);
			inputPaths = (
			);
			name = "Copy Pods Resources";
			outputPaths = (
			);
			runOnlyForDeploymentPostprocessing = 0;
			shellPath = /bin/sh;
			shellScript = "\"${SRCROOT}/Pods/Target Support Files/Pods-AWARE/Pods-AWARE-resources.sh\"\n";
			showEnvVarsInLog = 0;
		};
		68D9BE595750CD388937C4E7 /* Check Pods Manifest.lock */ = {
			isa = PBXShellScriptBuildPhase;
			buildActionMask = 2147483647;
			files = (
			);
			inputPaths = (
			);
			name = "Check Pods Manifest.lock";
			outputPaths = (
			);
			runOnlyForDeploymentPostprocessing = 0;
			shellPath = /bin/sh;
			shellScript = "diff \"${PODS_ROOT}/../Podfile.lock\" \"${PODS_ROOT}/Manifest.lock\" > /dev/null\nif [[ $? != 0 ]] ; then\n    cat << EOM\nerror: The sandbox is not in sync with the Podfile.lock. Run 'pod install' or update your CocoaPods installation.\nEOM\n    exit 1\nfi\n";
			showEnvVarsInLog = 0;
		};
/* End PBXShellScriptBuildPhase section */

/* Begin PBXSourcesBuildPhase section */
		1623CE621BFD1B2C00EFAD72 /* Sources */ = {
			isa = PBXSourcesBuildPhase;
			buildActionMask = 2147483647;
			files = (
				1623CEB71BFE175F00EFAD72 /* AWARESensor.m in Sources */,
				169A7B351BFFB67800A7C06D /* Network.m in Sources */,
				169A7B3B1BFFC8B100A7C06D /* Wifi.m in Sources */,
				164DD65C1C1F762000ADA92B /* Screen.m in Sources */,
				168683061C07C48900CB4266 /* AmbientNoise.m in Sources */,
				1677AF2E1C2B109A00F7C482 /* SingleESMObject.m in Sources */,
				164810401C20ECC300B830D9 /* AWAREEsmViewController.m in Sources */,
				16E155331C252B4D00316321 /* AWAREPlugin.m in Sources */,
				164DD6681C1FBA9100ADA92B /* Timezone.m in Sources */,
				169384F31C17C3D300A17F2C /* MSBand.m in Sources */,
				16228A511C22E9FE0081C839 /* AWARESchedule.m in Sources */,
				165A8B741C03C0B300898C6C /* GoogleLoginViewController.m in Sources */,
				169A7B271BFF193C00A7C06D /* Magnetometer.m in Sources */,
				1623CEAF1BFD407900EFAD72 /* QRCodeViewController.m in Sources */,
				160794511C1A4E380021816F /* AWAREMqtt.m in Sources */,
				16E7AF901C3DB8E5005C9EDC /* GoogleLogin.m in Sources */,
				16F213AE1C594292007E89CA /* ApplicationHistory.m in Sources */,
				1623CE711BFD1B2C00EFAD72 /* ViewController.m in Sources */,
				16E7AF841C3D54D4005C9EDC /* SSLManager.m in Sources */,
				16E7AF941C3DF7A0005C9EDC /* LocationModel.xcdatamodeld in Sources */,
				160EE9BD1C050B4C00015688 /* Bluetooth.m in Sources */,
				169A7B461C0052F800A7C06D /* Gravity.m in Sources */,
				169A7B241BFF16E700A7C06D /* Gyroscope.m in Sources */,
				16E47ECA1C4D8BF5005B7932 /* FusedLocations.m in Sources */,
				160EE9C31C052DAA00015688 /* OpenWeather.m in Sources */,
				16EB1E5A1C4A930500966A07 /* LocalFileStorageHelper.m in Sources */,
				1623CE6E1BFD1B2C00EFAD72 /* AppDelegate.m in Sources */,
				1607944C1C19274C0021816F /* AWAREStudy.m in Sources */,
				16FCE2771BFE9326005FC71A /* AWARESensorManager.m in Sources */,
				169A7B2D1BFF219500A7C06D /* Barometer.m in Sources */,
				169A7B401BFFD55A00A7C06D /* Processor.m in Sources */,
				16F09B221C249C5F005C1EB8 /* GoogleCalPull.m in Sources */,
				168683091C08050100CB4266 /* ActivityRecognition.m in Sources */,
				1671A5D81C3B583C00C41F44 /* GoogleCalPush.m in Sources */,
				169A7B2A1BFF1C2300A7C06D /* Battery.m in Sources */,
				1623CE771BFD1B2C00EFAD72 /* AWARE.xcdatamodeld in Sources */,
				1677AF321C2B4BDE00F7C482 /* MultiESMObject.m in Sources */,
				16DEA23A1C5535B300B607C9 /* AWAREEsmUtils.m in Sources */,
				1623CEBC1BFE390600EFAD72 /* Accelerometer.m in Sources */,
				164810851C21C08C00B830D9 /* ESM.m in Sources */,
				1663BB801C2C94C3003F03DF /* ESMStorageHelper.m in Sources */,
				164DD6621C1FA72D00ADA92B /* NTPTime.m in Sources */,
				16EB1E5D1C4AC12500966A07 /* CalEvent.m in Sources */,
				169A7B431BFFDE8F00A7C06D /* Rotation.m in Sources */,
				1643959F1C22EEC40039E113 /* Scheduler.m in Sources */,
				16DEA2371C54557B00B607C9 /* AWAREUtils.m in Sources */,
				1623CEB41BFD659000EFAD72 /* AWAREKeys.m in Sources */,
				162B7DDF1C4EFA46006972B5 /* Calls.m in Sources */,
				164DD6651C1FB1A400ADA92B /* Proximity.m in Sources */,
				169A7B301BFF280C00A7C06D /* Locations.m in Sources */,
				169A7B491C00591A00A7C06D /* LinearAccelerometer.m in Sources */,
				1623CE6B1BFD1B2C00EFAD72 /* main.m in Sources */,
				164DD65F1C1F9F1900ADA92B /* DeviceUsage.m in Sources */,
			);
			runOnlyForDeploymentPostprocessing = 0;
		};
		1623CE7E1BFD1B2C00EFAD72 /* Sources */ = {
			isa = PBXSourcesBuildPhase;
			buildActionMask = 2147483647;
			files = (
				1623CE871BFD1B2C00EFAD72 /* AWARETests.m in Sources */,
			);
			runOnlyForDeploymentPostprocessing = 0;
		};
		1623CE891BFD1B2C00EFAD72 /* Sources */ = {
			isa = PBXSourcesBuildPhase;
			buildActionMask = 2147483647;
			files = (
				1623CE921BFD1B2C00EFAD72 /* AWAREUITests.m in Sources */,
			);
			runOnlyForDeploymentPostprocessing = 0;
		};
		16F213981C589BC2007E89CA /* Sources */ = {
			isa = PBXSourcesBuildPhase;
			buildActionMask = 2147483647;
			files = (
				16F213A01C589BC2007E89CA /* KeyboardViewController.m in Sources */,
			);
			runOnlyForDeploymentPostprocessing = 0;
		};
/* End PBXSourcesBuildPhase section */

/* Begin PBXTargetDependency section */
		1623CE841BFD1B2C00EFAD72 /* PBXTargetDependency */ = {
			isa = PBXTargetDependency;
			target = 1623CE651BFD1B2C00EFAD72 /* AWARE */;
			targetProxy = 1623CE831BFD1B2C00EFAD72 /* PBXContainerItemProxy */;
		};
		1623CE8F1BFD1B2C00EFAD72 /* PBXTargetDependency */ = {
			isa = PBXTargetDependency;
			target = 1623CE651BFD1B2C00EFAD72 /* AWARE */;
			targetProxy = 1623CE8E1BFD1B2C00EFAD72 /* PBXContainerItemProxy */;
		};
		16F213A31C589BC2007E89CA /* PBXTargetDependency */ = {
			isa = PBXTargetDependency;
			target = 16F2139B1C589BC2007E89CA /* AWAREKeyboard */;
			targetProxy = 16F213A21C589BC2007E89CA /* PBXContainerItemProxy */;
		};
/* End PBXTargetDependency section */

/* Begin PBXVariantGroup section */
		16228A411C22DAE20081C839 /* MainInterface.storyboard */ = {
			isa = PBXVariantGroup;
			children = (
				16228A421C22DAE20081C839 /* Base */,
			);
			name = MainInterface.storyboard;
			sourceTree = "<group>";
		};
		1623CE721BFD1B2C00EFAD72 /* Main.storyboard */ = {
			isa = PBXVariantGroup;
			children = (
				1623CE731BFD1B2C00EFAD72 /* Base */,
			);
			name = Main.storyboard;
			sourceTree = "<group>";
		};
		1623CE7A1BFD1B2C00EFAD72 /* LaunchScreen.storyboard */ = {
			isa = PBXVariantGroup;
			children = (
				1623CE7B1BFD1B2C00EFAD72 /* Base */,
			);
			name = LaunchScreen.storyboard;
			sourceTree = "<group>";
		};
/* End PBXVariantGroup section */

/* Begin XCBuildConfiguration section */
		1623CE941BFD1B2C00EFAD72 /* Debug */ = {
			isa = XCBuildConfiguration;
			buildSettings = {
				ALWAYS_SEARCH_USER_PATHS = NO;
				CLANG_CXX_LANGUAGE_STANDARD = "gnu++0x";
				CLANG_CXX_LIBRARY = "libc++";
				CLANG_ENABLE_MODULES = YES;
				CLANG_ENABLE_OBJC_ARC = YES;
				CLANG_WARN_BOOL_CONVERSION = YES;
				CLANG_WARN_CONSTANT_CONVERSION = YES;
				CLANG_WARN_DIRECT_OBJC_ISA_USAGE = YES_ERROR;
				CLANG_WARN_EMPTY_BODY = YES;
				CLANG_WARN_ENUM_CONVERSION = YES;
				CLANG_WARN_INT_CONVERSION = YES;
				CLANG_WARN_OBJC_ROOT_CLASS = YES_ERROR;
				CLANG_WARN_UNREACHABLE_CODE = YES;
				CLANG_WARN__DUPLICATE_METHOD_MATCH = YES;
				"CODE_SIGN_IDENTITY[sdk=iphoneos*]" = "iPhone Developer";
				COPY_PHASE_STRIP = NO;
				DEBUG_INFORMATION_FORMAT = "dwarf-with-dsym";
				ENABLE_STRICT_OBJC_MSGSEND = YES;
				ENABLE_TESTABILITY = YES;
				GCC_C_LANGUAGE_STANDARD = gnu99;
				GCC_DYNAMIC_NO_PIC = NO;
				GCC_NO_COMMON_BLOCKS = YES;
				GCC_OPTIMIZATION_LEVEL = 0;
				GCC_PREPROCESSOR_DEFINITIONS = (
					"DEBUG=1",
					"$(inherited)",
				);
				GCC_WARN_64_TO_32_BIT_CONVERSION = YES;
				GCC_WARN_ABOUT_RETURN_TYPE = YES_ERROR;
				GCC_WARN_UNDECLARED_SELECTOR = YES;
				GCC_WARN_UNINITIALIZED_AUTOS = YES_AGGRESSIVE;
				GCC_WARN_UNUSED_FUNCTION = YES;
				GCC_WARN_UNUSED_VARIABLE = YES;
				IPHONEOS_DEPLOYMENT_TARGET = 9.2;
				MTL_ENABLE_DEBUG_INFO = YES;
				ONLY_ACTIVE_ARCH = YES;
				SDKROOT = iphoneos;
				TARGETED_DEVICE_FAMILY = "1,2";
			};
			name = Debug;
		};
		1623CE951BFD1B2C00EFAD72 /* Release */ = {
			isa = XCBuildConfiguration;
			buildSettings = {
				ALWAYS_SEARCH_USER_PATHS = NO;
				CLANG_CXX_LANGUAGE_STANDARD = "gnu++0x";
				CLANG_CXX_LIBRARY = "libc++";
				CLANG_ENABLE_MODULES = YES;
				CLANG_ENABLE_OBJC_ARC = YES;
				CLANG_WARN_BOOL_CONVERSION = YES;
				CLANG_WARN_CONSTANT_CONVERSION = YES;
				CLANG_WARN_DIRECT_OBJC_ISA_USAGE = YES_ERROR;
				CLANG_WARN_EMPTY_BODY = YES;
				CLANG_WARN_ENUM_CONVERSION = YES;
				CLANG_WARN_INT_CONVERSION = YES;
				CLANG_WARN_OBJC_ROOT_CLASS = YES_ERROR;
				CLANG_WARN_UNREACHABLE_CODE = YES;
				CLANG_WARN__DUPLICATE_METHOD_MATCH = YES;
				"CODE_SIGN_IDENTITY[sdk=iphoneos*]" = "iPhone Developer";
				COPY_PHASE_STRIP = NO;
				DEBUG_INFORMATION_FORMAT = "dwarf-with-dsym";
				ENABLE_NS_ASSERTIONS = NO;
				ENABLE_STRICT_OBJC_MSGSEND = YES;
				GCC_C_LANGUAGE_STANDARD = gnu99;
				GCC_NO_COMMON_BLOCKS = YES;
				GCC_WARN_64_TO_32_BIT_CONVERSION = YES;
				GCC_WARN_ABOUT_RETURN_TYPE = YES_ERROR;
				GCC_WARN_UNDECLARED_SELECTOR = YES;
				GCC_WARN_UNINITIALIZED_AUTOS = YES_AGGRESSIVE;
				GCC_WARN_UNUSED_FUNCTION = YES;
				GCC_WARN_UNUSED_VARIABLE = YES;
				IPHONEOS_DEPLOYMENT_TARGET = 9.2;
				MTL_ENABLE_DEBUG_INFO = NO;
				SDKROOT = iphoneos;
				TARGETED_DEVICE_FAMILY = "1,2";
				VALIDATE_PRODUCT = YES;
			};
			name = Release;
		};
		1623CE971BFD1B2C00EFAD72 /* Debug */ = {
			isa = XCBuildConfiguration;
			baseConfigurationReference = EE6BA2397CB9F7AB5C901B47 /* Pods-AWARE.debug.xcconfig */;
			buildSettings = {
				ASSETCATALOG_COMPILER_APPICON_NAME = AppIcon;
				CODE_SIGN_ENTITLEMENTS = AWARE/AWARE.entitlements;
				CODE_SIGN_IDENTITY = "iPhone Developer";
				"CODE_SIGN_IDENTITY[sdk=iphoneos*]" = "iPhone Developer";
				ENABLE_BITCODE = NO;
				FRAMEWORK_SEARCH_PATHS = (
					"$(inherited)",
					"$(PROJECT_DIR)",
				);
				INFOPLIST_FILE = AWARE/Info.plist;
				IPHONEOS_DEPLOYMENT_TARGET = 8.0;
				LD_RUNPATH_SEARCH_PATHS = "$(inherited) @executable_path/Frameworks";
				LIBRARY_SEARCH_PATHS = (
					"$(inherited)",
					"$(PROJECT_DIR)/build/Debug-iphoneos",
				);
				PRODUCT_BUNDLE_IDENTIFIER = jp.ac.keio.sfc.ht.tetujin.AWARE;
				PRODUCT_NAME = "$(TARGET_NAME)";
				PROVISIONING_PROFILE = "";
			};
			name = Debug;
		};
		1623CE981BFD1B2C00EFAD72 /* Release */ = {
			isa = XCBuildConfiguration;
			baseConfigurationReference = 9B5BAD09F1FBEE0838867ACF /* Pods-AWARE.release.xcconfig */;
			buildSettings = {
				ASSETCATALOG_COMPILER_APPICON_NAME = AppIcon;
				CODE_SIGN_ENTITLEMENTS = AWARE/AWARE.entitlements;
				CODE_SIGN_IDENTITY = "iPhone Developer";
				"CODE_SIGN_IDENTITY[sdk=iphoneos*]" = "iPhone Developer";
				ENABLE_BITCODE = NO;
				FRAMEWORK_SEARCH_PATHS = (
					"$(inherited)",
					"$(PROJECT_DIR)",
				);
				INFOPLIST_FILE = AWARE/Info.plist;
				IPHONEOS_DEPLOYMENT_TARGET = 8.0;
				LD_RUNPATH_SEARCH_PATHS = "$(inherited) @executable_path/Frameworks";
				LIBRARY_SEARCH_PATHS = (
					"$(inherited)",
					"$(PROJECT_DIR)/build/Debug-iphoneos",
				);
				PRODUCT_BUNDLE_IDENTIFIER = jp.ac.keio.sfc.ht.tetujin.AWARE;
				PRODUCT_NAME = "$(TARGET_NAME)";
				PROVISIONING_PROFILE = "";
			};
			name = Release;
		};
		1623CE9A1BFD1B2C00EFAD72 /* Debug */ = {
			isa = XCBuildConfiguration;
			buildSettings = {
				BUNDLE_LOADER = "$(TEST_HOST)";
				INFOPLIST_FILE = AWARETests/Info.plist;
				LD_RUNPATH_SEARCH_PATHS = "$(inherited) @executable_path/Frameworks @loader_path/Frameworks";
				PRODUCT_BUNDLE_IDENTIFIER = jp.ac.keio.sfc.ht.tetujin.AWARETests;
				PRODUCT_NAME = "$(TARGET_NAME)";
				TEST_HOST = "$(BUILT_PRODUCTS_DIR)/AWARE.app/AWARE";
			};
			name = Debug;
		};
		1623CE9B1BFD1B2C00EFAD72 /* Release */ = {
			isa = XCBuildConfiguration;
			buildSettings = {
				BUNDLE_LOADER = "$(TEST_HOST)";
				INFOPLIST_FILE = AWARETests/Info.plist;
				LD_RUNPATH_SEARCH_PATHS = "$(inherited) @executable_path/Frameworks @loader_path/Frameworks";
				PRODUCT_BUNDLE_IDENTIFIER = jp.ac.keio.sfc.ht.tetujin.AWARETests;
				PRODUCT_NAME = "$(TARGET_NAME)";
				TEST_HOST = "$(BUILT_PRODUCTS_DIR)/AWARE.app/AWARE";
			};
			name = Release;
		};
		1623CE9D1BFD1B2C00EFAD72 /* Debug */ = {
			isa = XCBuildConfiguration;
			buildSettings = {
				INFOPLIST_FILE = AWAREUITests/Info.plist;
				LD_RUNPATH_SEARCH_PATHS = "$(inherited) @executable_path/Frameworks @loader_path/Frameworks";
				PRODUCT_BUNDLE_IDENTIFIER = jp.ac.keio.sfc.ht.tetujin.AWAREUITests;
				PRODUCT_NAME = "$(TARGET_NAME)";
				TEST_TARGET_NAME = AWARE;
				USES_XCTRUNNER = YES;
			};
			name = Debug;
		};
		1623CE9E1BFD1B2C00EFAD72 /* Release */ = {
			isa = XCBuildConfiguration;
			buildSettings = {
				INFOPLIST_FILE = AWAREUITests/Info.plist;
				LD_RUNPATH_SEARCH_PATHS = "$(inherited) @executable_path/Frameworks @loader_path/Frameworks";
				PRODUCT_BUNDLE_IDENTIFIER = jp.ac.keio.sfc.ht.tetujin.AWAREUITests;
				PRODUCT_NAME = "$(TARGET_NAME)";
				TEST_TARGET_NAME = AWARE;
				USES_XCTRUNNER = YES;
			};
			name = Release;
		};
		16F213A51C589BC2007E89CA /* Debug */ = {
			isa = XCBuildConfiguration;
			buildSettings = {
				CODE_SIGN_IDENTITY = "iPhone Developer";
				"CODE_SIGN_IDENTITY[sdk=iphoneos*]" = "iPhone Developer";
				DEBUG_INFORMATION_FORMAT = dwarf;
				INFOPLIST_FILE = AWAREKeyboard/Info.plist;
				LD_RUNPATH_SEARCH_PATHS = "$(inherited) @executable_path/Frameworks @executable_path/../../Frameworks";
				PRODUCT_BUNDLE_IDENTIFIER = jp.ac.keio.sfc.ht.tetujin.AWARE.AWAREKeyboard;
				PRODUCT_NAME = "$(TARGET_NAME)";
				SKIP_INSTALL = YES;
			};
			name = Debug;
		};
		16F213A61C589BC2007E89CA /* Release */ = {
			isa = XCBuildConfiguration;
			buildSettings = {
				CODE_SIGN_IDENTITY = "iPhone Developer";
				"CODE_SIGN_IDENTITY[sdk=iphoneos*]" = "iPhone Developer";
				INFOPLIST_FILE = AWAREKeyboard/Info.plist;
				LD_RUNPATH_SEARCH_PATHS = "$(inherited) @executable_path/Frameworks @executable_path/../../Frameworks";
				PRODUCT_BUNDLE_IDENTIFIER = jp.ac.keio.sfc.ht.tetujin.AWARE.AWAREKeyboard;
				PRODUCT_NAME = "$(TARGET_NAME)";
				SKIP_INSTALL = YES;
			};
			name = Release;
		};
/* End XCBuildConfiguration section */

/* Begin XCConfigurationList section */
		1623CE611BFD1B2C00EFAD72 /* Build configuration list for PBXProject "AWARE" */ = {
			isa = XCConfigurationList;
			buildConfigurations = (
				1623CE941BFD1B2C00EFAD72 /* Debug */,
				1623CE951BFD1B2C00EFAD72 /* Release */,
			);
			defaultConfigurationIsVisible = 0;
			defaultConfigurationName = Release;
		};
		1623CE961BFD1B2C00EFAD72 /* Build configuration list for PBXNativeTarget "AWARE" */ = {
			isa = XCConfigurationList;
			buildConfigurations = (
				1623CE971BFD1B2C00EFAD72 /* Debug */,
				1623CE981BFD1B2C00EFAD72 /* Release */,
			);
			defaultConfigurationIsVisible = 0;
			defaultConfigurationName = Release;
		};
		1623CE991BFD1B2C00EFAD72 /* Build configuration list for PBXNativeTarget "AWARETests" */ = {
			isa = XCConfigurationList;
			buildConfigurations = (
				1623CE9A1BFD1B2C00EFAD72 /* Debug */,
				1623CE9B1BFD1B2C00EFAD72 /* Release */,
			);
			defaultConfigurationIsVisible = 0;
			defaultConfigurationName = Release;
		};
		1623CE9C1BFD1B2C00EFAD72 /* Build configuration list for PBXNativeTarget "AWAREUITests" */ = {
			isa = XCConfigurationList;
			buildConfigurations = (
				1623CE9D1BFD1B2C00EFAD72 /* Debug */,
				1623CE9E1BFD1B2C00EFAD72 /* Release */,
			);
			defaultConfigurationIsVisible = 0;
			defaultConfigurationName = Release;
		};
		16F213A71C589BC2007E89CA /* Build configuration list for PBXNativeTarget "AWAREKeyboard" */ = {
			isa = XCConfigurationList;
			buildConfigurations = (
				16F213A51C589BC2007E89CA /* Debug */,
				16F213A61C589BC2007E89CA /* Release */,
			);
			defaultConfigurationIsVisible = 0;
			defaultConfigurationName = Release;
		};
/* End XCConfigurationList section */

/* Begin XCVersionGroup section */
		1623CE751BFD1B2C00EFAD72 /* AWARE.xcdatamodeld */ = {
			isa = XCVersionGroup;
			children = (
				1623CE761BFD1B2C00EFAD72 /* AWARE.xcdatamodel */,
			);
			currentVersion = 1623CE761BFD1B2C00EFAD72 /* AWARE.xcdatamodel */;
			path = AWARE.xcdatamodeld;
			sourceTree = "<group>";
			versionGroupType = wrapper.xcdatamodel;
		};
		16E7AF921C3DF7A0005C9EDC /* LocationModel.xcdatamodeld */ = {
			isa = XCVersionGroup;
			children = (
				16E7AF931C3DF7A0005C9EDC /* LocationModel.xcdatamodel */,
			);
			currentVersion = 16E7AF931C3DF7A0005C9EDC /* LocationModel.xcdatamodel */;
			path = LocationModel.xcdatamodeld;
			sourceTree = "<group>";
			versionGroupType = wrapper.xcdatamodel;
		};
/* End XCVersionGroup section */
	};
	rootObject = 1623CE5E1BFD1B2C00EFAD72 /* Project object */;
}
